PODS:
  - AppCenter (1.12.0):
    - AppCenter/Analytics (= 1.12.0)
    - AppCenter/Crashes (= 1.12.0)
  - AppCenter/Analytics (1.12.0):
    - AppCenter/Core
  - AppCenter/Core (1.12.0)
  - AppCenter/Crashes (1.12.0):
    - AppCenter/Core

DEPENDENCIES:
  - AppCenter

SPEC REPOS:
  https://github.com/cocoapods/specs.git:
    - AppCenter

SPEC CHECKSUMS:
  AppCenter: 4d27bdafd74b1b3e90946b9989fd6011a7e39c5e

PODFILE CHECKSUM: 72e40d65837927784416c2f6f7a11e2ccbaf5caa

COCOAPODS: 1.6.0.beta.2
