// !$*UTF8*$!
{
	archiveVersion = 1;
	classes = {
	};
	objectVersion = 50;
	objects = {

/* Begin PBXBuildFile section */
		BF21BA7321A4A06D00DF0CF3 /* RoomSceneExtension.swift in Sources */ = {isa = PBXBuildFile; fileRef = BF21BA7221A4A06D00DF0CF3 /* RoomSceneExtension.swift */; };
		BF21BA7521A4AE1C00DF0CF3 /* Item.swift in Sources */ = {isa = PBXBuildFile; fileRef = BF21BA7421A4AE1C00DF0CF3 /* Item.swift */; };
		BF21BA7721A4B03F00DF0CF3 /* Weapon.swift in Sources */ = {isa = PBXBuildFile; fileRef = BF21BA7621A4B03F00DF0CF3 /* Weapon.swift */; };
		BF21BA7921A4B4D400DF0CF3 /* Bottle.swift in Sources */ = {isa = PBXBuildFile; fileRef = BF21BA7821A4B4D400DF0CF3 /* Bottle.swift */; };
		BF21BA7B21A4B71900DF0CF3 /* Potion.swift in Sources */ = {isa = PBXBuildFile; fileRef = BF21BA7A21A4B71900DF0CF3 /* Potion.swift */; };
		BF21BA7E21A79C0600DF0CF3 /* 29.sks in Resources */ = {isa = PBXBuildFile; fileRef = BF21BA7D21A79C0600DF0CF3 /* 29.sks */; };
		BF21BA8021A79DDF00DF0CF3 /* 28.sks in Resources */ = {isa = PBXBuildFile; fileRef = BF21BA7F21A79DDF00DF0CF3 /* 28.sks */; };
		BF27A5A621A3209100914CF9 /* Keycodes.swift in Sources */ = {isa = PBXBuildFile; fileRef = BF27A5A521A3209100914CF9 /* Keycodes.swift */; };
		BF7096D221A2454400AA7D37 /* AppDelegate.swift in Sources */ = {isa = PBXBuildFile; fileRef = BF7096D121A2454400AA7D37 /* AppDelegate.swift */; };
		BF7096D421A2454400AA7D37 /* Template.sks in Resources */ = {isa = PBXBuildFile; fileRef = BF7096D321A2454400AA7D37 /* Template.sks */; };
		BF7096D821A2454400AA7D37 /* RoomScene.swift in Sources */ = {isa = PBXBuildFile; fileRef = BF7096D721A2454400AA7D37 /* RoomScene.swift */; };
		BF7096DA21A2454400AA7D37 /* ViewController.swift in Sources */ = {isa = PBXBuildFile; fileRef = BF7096D921A2454400AA7D37 /* ViewController.swift */; };
		BF7096DC21A2454500AA7D37 /* Assets.xcassets in Resources */ = {isa = PBXBuildFile; fileRef = BF7096DB21A2454500AA7D37 /* Assets.xcassets */; };
		BF7096DF21A2454500AA7D37 /* Main.storyboard in Resources */ = {isa = PBXBuildFile; fileRef = BF7096DD21A2454500AA7D37 /* Main.storyboard */; };
		BF76484021A36DAF00129DFA /* Entity.swift in Sources */ = {isa = PBXBuildFile; fileRef = BF76483F21A36DAF00129DFA /* Entity.swift */; };
		BF76484221A36E6200129DFA /* Player.swift in Sources */ = {isa = PBXBuildFile; fileRef = BF76484121A36E6200129DFA /* Player.swift */; };
		BF76484421A44CD800129DFA /* Monster.swift in Sources */ = {isa = PBXBuildFile; fileRef = BF76484321A44CD800129DFA /* Monster.swift */; };
		BF76484621A44EBC00129DFA /* Termina.swift in Sources */ = {isa = PBXBuildFile; fileRef = BF76484521A44EBC00129DFA /* Termina.swift */; };
		BF76484A21A45B7700129DFA /* HUD.swift in Sources */ = {isa = PBXBuildFile; fileRef = BF76484921A45B7700129DFA /* HUD.swift */; };
		BF9C7E5F21A25645002CB1EA /* Environment.sks in Resources */ = {isa = PBXBuildFile; fileRef = BF9C7E5E21A25645002CB1EA /* Environment.sks */; };
		BFA8EDF921A8701100356F8A /* Room29Scene.swift in Sources */ = {isa = PBXBuildFile; fileRef = BFA8EDF821A8701100356F8A /* Room29Scene.swift */; };
		BFA8EDFB21A8832700356F8A /* SwiftyJSON.swift in Sources */ = {isa = PBXBuildFile; fileRef = BFA8EDFA21A8832700356F8A /* SwiftyJSON.swift */; };
		BFA8EDFD21A8833000356F8A /* Data.swift in Sources */ = {isa = PBXBuildFile; fileRef = BFA8EDFC21A8833000356F8A /* Data.swift */; };
		BFA8EDFF21A883CA00356F8A /* Files.swift in Sources */ = {isa = PBXBuildFile; fileRef = BFA8EDFE21A883CA00356F8A /* Files.swift */; };
		BFA8EE0121A88B4400356F8A /* Names.swift in Sources */ = {isa = PBXBuildFile; fileRef = BFA8EE0021A88B4400356F8A /* Names.swift */; };
		BFA8EE0321A8973C00356F8A /* MainMenu.sks in Resources */ = {isa = PBXBuildFile; fileRef = BFA8EE0221A8973B00356F8A /* MainMenu.sks */; };
		BFA8EE0521A899AC00356F8A /* MainMenu.swift in Sources */ = {isa = PBXBuildFile; fileRef = BFA8EE0421A899AC00356F8A /* MainMenu.swift */; };
		BFA8EE0821A8A25C00356F8A /* UserNotifications.framework in Frameworks */ = {isa = PBXBuildFile; fileRef = BFA8EE0721A8A25C00356F8A /* UserNotifications.framework */; };
		BFA8EE0A21A8AA8700356F8A /* NewPlayer.storyboard in Resources */ = {isa = PBXBuildFile; fileRef = BFA8EE0921A8AA8700356F8A /* NewPlayer.storyboard */; };
		BFA8EE0C21A8B40900356F8A /* NewPlayer.swift in Sources */ = {isa = PBXBuildFile; fileRef = BFA8EE0B21A8B40900356F8A /* NewPlayer.swift */; };
		BFA8EE2A21A8CF5700356F8A /* GameKit.framework in Frameworks */ = {isa = PBXBuildFile; fileRef = BFA8EE2921A8CF5700356F8A /* GameKit.framework */; };
/* End PBXBuildFile section */

/* Begin PBXFileReference section */
		BF21BA7221A4A06D00DF0CF3 /* RoomSceneExtension.swift */ = {isa = PBXFileReference; lastKnownFileType = sourcecode.swift; path = RoomSceneExtension.swift; sourceTree = "<group>"; };
		BF21BA7421A4AE1C00DF0CF3 /* Item.swift */ = {isa = PBXFileReference; lastKnownFileType = sourcecode.swift; path = Item.swift; sourceTree = "<group>"; };
		BF21BA7621A4B03F00DF0CF3 /* Weapon.swift */ = {isa = PBXFileReference; lastKnownFileType = sourcecode.swift; path = Weapon.swift; sourceTree = "<group>"; };
		BF21BA7821A4B4D400DF0CF3 /* Bottle.swift */ = {isa = PBXFileReference; lastKnownFileType = sourcecode.swift; path = Bottle.swift; sourceTree = "<group>"; };
		BF21BA7A21A4B71900DF0CF3 /* Potion.swift */ = {isa = PBXFileReference; lastKnownFileType = sourcecode.swift; path = Potion.swift; sourceTree = "<group>"; };
		BF21BA7D21A79C0600DF0CF3 /* 29.sks */ = {isa = PBXFileReference; lastKnownFileType = file.sks; path = 29.sks; sourceTree = "<group>"; };
		BF21BA7F21A79DDF00DF0CF3 /* 28.sks */ = {isa = PBXFileReference; lastKnownFileType = file.sks; path = 28.sks; sourceTree = "<group>"; };
		BF27A5A521A3209100914CF9 /* Keycodes.swift */ = {isa = PBXFileReference; lastKnownFileType = sourcecode.swift; path = Keycodes.swift; sourceTree = "<group>"; };
		BF7096CE21A2454400AA7D37 /* Termina.app */ = {isa = PBXFileReference; explicitFileType = wrapper.application; includeInIndex = 0; path = Termina.app; sourceTree = BUILT_PRODUCTS_DIR; };
		BF7096D121A2454400AA7D37 /* AppDelegate.swift */ = {isa = PBXFileReference; lastKnownFileType = sourcecode.swift; path = AppDelegate.swift; sourceTree = "<group>"; };
		BF7096D321A2454400AA7D37 /* Template.sks */ = {isa = PBXFileReference; lastKnownFileType = file.sks; path = Template.sks; sourceTree = "<group>"; };
		BF7096D721A2454400AA7D37 /* RoomScene.swift */ = {isa = PBXFileReference; lastKnownFileType = sourcecode.swift; path = RoomScene.swift; sourceTree = "<group>"; };
		BF7096D921A2454400AA7D37 /* ViewController.swift */ = {isa = PBXFileReference; lastKnownFileType = sourcecode.swift; path = ViewController.swift; sourceTree = "<group>"; };
		BF7096DB21A2454500AA7D37 /* Assets.xcassets */ = {isa = PBXFileReference; lastKnownFileType = folder.assetcatalog; path = Assets.xcassets; sourceTree = "<group>"; };
		BF7096DE21A2454500AA7D37 /* Base */ = {isa = PBXFileReference; lastKnownFileType = file.storyboard; name = Base; path = Base.lproj/Main.storyboard; sourceTree = "<group>"; };
		BF7096E021A2454500AA7D37 /* Info.plist */ = {isa = PBXFileReference; lastKnownFileType = text.plist.xml; path = Info.plist; sourceTree = "<group>"; };
		BF7096E121A2454500AA7D37 /* mac.entitlements */ = {isa = PBXFileReference; lastKnownFileType = text.plist.entitlements; path = mac.entitlements; sourceTree = "<group>"; };
		BF76483F21A36DAF00129DFA /* Entity.swift */ = {isa = PBXFileReference; lastKnownFileType = sourcecode.swift; path = Entity.swift; sourceTree = "<group>"; };
		BF76484121A36E6200129DFA /* Player.swift */ = {isa = PBXFileReference; lastKnownFileType = sourcecode.swift; path = Player.swift; sourceTree = "<group>"; };
		BF76484321A44CD800129DFA /* Monster.swift */ = {isa = PBXFileReference; lastKnownFileType = sourcecode.swift; path = Monster.swift; sourceTree = "<group>"; };
		BF76484521A44EBC00129DFA /* Termina.swift */ = {isa = PBXFileReference; lastKnownFileType = sourcecode.swift; path = Termina.swift; sourceTree = "<group>"; };
		BF76484921A45B7700129DFA /* HUD.swift */ = {isa = PBXFileReference; lastKnownFileType = sourcecode.swift; path = HUD.swift; sourceTree = "<group>"; };
		BF9C7E5E21A25645002CB1EA /* Environment.sks */ = {isa = PBXFileReference; lastKnownFileType = file.sks; path = Environment.sks; sourceTree = "<group>"; };
		BFA8EDF821A8701100356F8A /* Room29Scene.swift */ = {isa = PBXFileReference; lastKnownFileType = sourcecode.swift; path = Room29Scene.swift; sourceTree = "<group>"; };
		BFA8EDFA21A8832700356F8A /* SwiftyJSON.swift */ = {isa = PBXFileReference; fileEncoding = 4; lastKnownFileType = sourcecode.swift; path = SwiftyJSON.swift; sourceTree = "<group>"; };
		BFA8EDFC21A8833000356F8A /* Data.swift */ = {isa = PBXFileReference; lastKnownFileType = sourcecode.swift; path = Data.swift; sourceTree = "<group>"; };
		BFA8EDFE21A883CA00356F8A /* Files.swift */ = {isa = PBXFileReference; fileEncoding = 4; lastKnownFileType = sourcecode.swift; path = Files.swift; sourceTree = "<group>"; };
		BFA8EE0021A88B4400356F8A /* Names.swift */ = {isa = PBXFileReference; lastKnownFileType = sourcecode.swift; path = Names.swift; sourceTree = "<group>"; };
		BFA8EE0221A8973B00356F8A /* MainMenu.sks */ = {isa = PBXFileReference; lastKnownFileType = file.sks; path = MainMenu.sks; sourceTree = "<group>"; };
		BFA8EE0421A899AC00356F8A /* MainMenu.swift */ = {isa = PBXFileReference; lastKnownFileType = sourcecode.swift; path = MainMenu.swift; sourceTree = "<group>"; };
		BFA8EE0721A8A25C00356F8A /* UserNotifications.framework */ = {isa = PBXFileReference; lastKnownFileType = wrapper.framework; name = UserNotifications.framework; path = System/Library/Frameworks/UserNotifications.framework; sourceTree = SDKROOT; };
		BFA8EE0921A8AA8700356F8A /* NewPlayer.storyboard */ = {isa = PBXFileReference; lastKnownFileType = file.storyboard; path = NewPlayer.storyboard; sourceTree = "<group>"; };
		BFA8EE0B21A8B40900356F8A /* NewPlayer.swift */ = {isa = PBXFileReference; lastKnownFileType = sourcecode.swift; path = NewPlayer.swift; sourceTree = "<group>"; };
		BFA8EE2921A8CF5700356F8A /* GameKit.framework */ = {isa = PBXFileReference; lastKnownFileType = wrapper.framework; name = GameKit.framework; path = System/Library/Frameworks/GameKit.framework; sourceTree = SDKROOT; };
/* End PBXFileReference section */

/* Begin PBXFrameworksBuildPhase section */
		BF7096CB21A2454400AA7D37 /* Frameworks */ = {
			isa = PBXFrameworksBuildPhase;
			buildActionMask = 2147483647;
			files = (
				BFA8EE0821A8A25C00356F8A /* UserNotifications.framework in Frameworks */,
				BFA8EE2A21A8CF5700356F8A /* GameKit.framework in Frameworks */,
			);
			runOnlyForDeploymentPostprocessing = 0;
		};
/* End PBXFrameworksBuildPhase section */

/* Begin PBXGroup section */
		BF21BA6D21A464F000DF0CF3 /* SKClasses */ = {
			isa = PBXGroup;
			children = (
				BF76484921A45B7700129DFA /* HUD.swift */,
				BF7096D721A2454400AA7D37 /* RoomScene.swift */,
				BF21BA7221A4A06D00DF0CF3 /* RoomSceneExtension.swift */,
				BFA8EDF821A8701100356F8A /* Room29Scene.swift */,
				BFA8EE0421A899AC00356F8A /* MainMenu.swift */,
			);
			path = SKClasses;
			sourceTree = "<group>";
		};
		BF21BA7C21A79BDE00DF0CF3 /* Scenes */ = {
			isa = PBXGroup;
			children = (
				BF9C7E5E21A25645002CB1EA /* Environment.sks */,
				BFA8EE0221A8973B00356F8A /* MainMenu.sks */,
				BF7096D321A2454400AA7D37 /* Template.sks */,
				BF21BA7F21A79DDF00DF0CF3 /* 28.sks */,
				BF21BA7D21A79C0600DF0CF3 /* 29.sks */,
			);
			path = Scenes;
			sourceTree = "<group>";
		};
		BF27A5A721A3260B00914CF9 /* Libraries */ = {
			isa = PBXGroup;
			children = (
				BFA8EDFE21A883CA00356F8A /* Files.swift */,
				BFA8EDFA21A8832700356F8A /* SwiftyJSON.swift */,
				BF27A5A521A3209100914CF9 /* Keycodes.swift */,
			);
			path = Libraries;
			sourceTree = "<group>";
		};
		BF7096C521A2454400AA7D37 = {
			isa = PBXGroup;
			children = (
				BF7096D021A2454400AA7D37 /* mac */,
				BF7096CF21A2454400AA7D37 /* Products */,
				BFA8EE0621A8A25C00356F8A /* Frameworks */,
			);
			sourceTree = "<group>";
		};
		BF7096CF21A2454400AA7D37 /* Products */ = {
			isa = PBXGroup;
			children = (
				BF7096CE21A2454400AA7D37 /* Termina.app */,
			);
			name = Products;
			sourceTree = "<group>";
		};
		BF7096D021A2454400AA7D37 /* mac */ = {
			isa = PBXGroup;
			children = (
				BF21BA7C21A79BDE00DF0CF3 /* Scenes */,
				BF21BA6D21A464F000DF0CF3 /* SKClasses */,
				BF76483E21A36D9F00129DFA /* GameClasses */,
				BF27A5A721A3260B00914CF9 /* Libraries */,
				BF7096D121A2454400AA7D37 /* AppDelegate.swift */,
				BF7096D921A2454400AA7D37 /* ViewController.swift */,
				BF7096DB21A2454500AA7D37 /* Assets.xcassets */,
				BF7096DD21A2454500AA7D37 /* Main.storyboard */,
				BF7096E021A2454500AA7D37 /* Info.plist */,
				BF7096E121A2454500AA7D37 /* mac.entitlements */,
				BFA8EE0921A8AA8700356F8A /* NewPlayer.storyboard */,
				BFA8EE0B21A8B40900356F8A /* NewPlayer.swift */,
			);
			path = mac;
			sourceTree = "<group>";
		};
		BF76483E21A36D9F00129DFA /* GameClasses */ = {
			isa = PBXGroup;
			children = (
				BF76483F21A36DAF00129DFA /* Entity.swift */,
				BF76484121A36E6200129DFA /* Player.swift */,
				BF76484321A44CD800129DFA /* Monster.swift */,
				BF76484521A44EBC00129DFA /* Termina.swift */,
				BF21BA7421A4AE1C00DF0CF3 /* Item.swift */,
				BF21BA7621A4B03F00DF0CF3 /* Weapon.swift */,
				BF21BA7821A4B4D400DF0CF3 /* Bottle.swift */,
				BF21BA7A21A4B71900DF0CF3 /* Potion.swift */,
				BFA8EDFC21A8833000356F8A /* Data.swift */,
				BFA8EE0021A88B4400356F8A /* Names.swift */,
			);
			path = GameClasses;
			sourceTree = "<group>";
		};
		BFA8EE0621A8A25C00356F8A /* Frameworks */ = {
			isa = PBXGroup;
			children = (
				BFA8EE2921A8CF5700356F8A /* GameKit.framework */,
				BFA8EE0721A8A25C00356F8A /* UserNotifications.framework */,
			);
			name = Frameworks;
			sourceTree = "<group>";
		};
/* End PBXGroup section */

/* Begin PBXNativeTarget section */
		BF7096CD21A2454400AA7D37 /* Termina */ = {
			isa = PBXNativeTarget;
			buildConfigurationList = BF7096E421A2454500AA7D37 /* Build configuration list for PBXNativeTarget "Termina" */;
			buildPhases = (
				BF7096CA21A2454400AA7D37 /* Sources */,
				BF7096CB21A2454400AA7D37 /* Frameworks */,
				BF7096CC21A2454400AA7D37 /* Resources */,
			);
			buildRules = (
			);
			dependencies = (
			);
			name = Termina;
			productName = mac;
			productReference = BF7096CE21A2454400AA7D37 /* Termina.app */;
			productType = "com.apple.product-type.application";
		};
/* End PBXNativeTarget section */

/* Begin PBXProject section */
		BF7096C621A2454400AA7D37 /* Project object */ = {
			isa = PBXProject;
			attributes = {
				LastSwiftUpdateCheck = 1010;
				LastUpgradeCheck = 1010;
				ORGANIZATIONNAME = "Marquis Kurt";
				TargetAttributes = {
					BF7096CD21A2454400AA7D37 = {
						CreatedOnToolsVersion = 10.1;
						SystemCapabilities = {
							com.apple.GameCenter.Mac = {
								enabled = 1;
							};
							com.apple.Push = {
								enabled = 1;
							};
							com.apple.Sandbox = {
								enabled = 1;
							};
						};
					};
				};
			};
			buildConfigurationList = BF7096C921A2454400AA7D37 /* Build configuration list for PBXProject "mac" */;
			compatibilityVersion = "Xcode 9.3";
			developmentRegion = en;
			hasScannedForEncodings = 0;
			knownRegions = (
				en,
				Base,
			);
			mainGroup = BF7096C521A2454400AA7D37;
			productRefGroup = BF7096CF21A2454400AA7D37 /* Products */;
			projectDirPath = "";
			projectRoot = "";
			targets = (
				BF7096CD21A2454400AA7D37 /* Termina */,
			);
		};
/* End PBXProject section */

/* Begin PBXResourcesBuildPhase section */
		BF7096CC21A2454400AA7D37 /* Resources */ = {
			isa = PBXResourcesBuildPhase;
			buildActionMask = 2147483647;
			files = (
				BF21BA7E21A79C0600DF0CF3 /* 29.sks in Resources */,
				BF21BA8021A79DDF00DF0CF3 /* 28.sks in Resources */,
				BFA8EE0A21A8AA8700356F8A /* NewPlayer.storyboard in Resources */,
				BF9C7E5F21A25645002CB1EA /* Environment.sks in Resources */,
				BF7096D421A2454400AA7D37 /* Template.sks in Resources */,
				BF7096DC21A2454500AA7D37 /* Assets.xcassets in Resources */,
				BFA8EE0321A8973C00356F8A /* MainMenu.sks in Resources */,
				BF7096DF21A2454500AA7D37 /* Main.storyboard in Resources */,
			);
			runOnlyForDeploymentPostprocessing = 0;
		};
/* End PBXResourcesBuildPhase section */

/* Begin PBXSourcesBuildPhase section */
		BF7096CA21A2454400AA7D37 /* Sources */ = {
			isa = PBXSourcesBuildPhase;
			buildActionMask = 2147483647;
			files = (
				BFA8EDF921A8701100356F8A /* Room29Scene.swift in Sources */,
				BF76484621A44EBC00129DFA /* Termina.swift in Sources */,
				BF27A5A621A3209100914CF9 /* Keycodes.swift in Sources */,
				BF76484021A36DAF00129DFA /* Entity.swift in Sources */,
				BF7096DA21A2454400AA7D37 /* ViewController.swift in Sources */,
				BF21BA7321A4A06D00DF0CF3 /* RoomSceneExtension.swift in Sources */,
				BFA8EE0121A88B4400356F8A /* Names.swift in Sources */,
				BF21BA7721A4B03F00DF0CF3 /* Weapon.swift in Sources */,
				BFA8EE0C21A8B40900356F8A /* NewPlayer.swift in Sources */,
				BF21BA7B21A4B71900DF0CF3 /* Potion.swift in Sources */,
				BF7096D821A2454400AA7D37 /* RoomScene.swift in Sources */,
				BF21BA7521A4AE1C00DF0CF3 /* Item.swift in Sources */,
				BF76484221A36E6200129DFA /* Player.swift in Sources */,
				BFA8EDFF21A883CA00356F8A /* Files.swift in Sources */,
				BFA8EDFB21A8832700356F8A /* SwiftyJSON.swift in Sources */,
				BF76484A21A45B7700129DFA /* HUD.swift in Sources */,
				BFA8EE0521A899AC00356F8A /* MainMenu.swift in Sources */,
				BFA8EDFD21A8833000356F8A /* Data.swift in Sources */,
				BF21BA7921A4B4D400DF0CF3 /* Bottle.swift in Sources */,
				BF7096D221A2454400AA7D37 /* AppDelegate.swift in Sources */,
				BF76484421A44CD800129DFA /* Monster.swift in Sources */,
			);
			runOnlyForDeploymentPostprocessing = 0;
		};
/* End PBXSourcesBuildPhase section */

/* Begin PBXVariantGroup section */
		BF7096DD21A2454500AA7D37 /* Main.storyboard */ = {
			isa = PBXVariantGroup;
			children = (
				BF7096DE21A2454500AA7D37 /* Base */,
			);
			name = Main.storyboard;
			sourceTree = "<group>";
		};
/* End PBXVariantGroup section */

/* Begin XCBuildConfiguration section */
		BF7096E221A2454500AA7D37 /* Debug */ = {
			isa = XCBuildConfiguration;
			buildSettings = {
				ALWAYS_SEARCH_USER_PATHS = NO;
				CLANG_ANALYZER_NONNULL = YES;
				CLANG_ANALYZER_NUMBER_OBJECT_CONVERSION = YES_AGGRESSIVE;
				CLANG_CXX_LANGUAGE_STANDARD = "gnu++14";
				CLANG_CXX_LIBRARY = "libc++";
				CLANG_ENABLE_MODULES = YES;
				CLANG_ENABLE_OBJC_ARC = YES;
				CLANG_ENABLE_OBJC_WEAK = YES;
				CLANG_WARN_BLOCK_CAPTURE_AUTORELEASING = YES;
				CLANG_WARN_BOOL_CONVERSION = YES;
				CLANG_WARN_COMMA = YES;
				CLANG_WARN_CONSTANT_CONVERSION = YES;
				CLANG_WARN_DEPRECATED_OBJC_IMPLEMENTATIONS = YES;
				CLANG_WARN_DIRECT_OBJC_ISA_USAGE = YES_ERROR;
				CLANG_WARN_DOCUMENTATION_COMMENTS = YES;
				CLANG_WARN_EMPTY_BODY = YES;
				CLANG_WARN_ENUM_CONVERSION = YES;
				CLANG_WARN_INFINITE_RECURSION = YES;
				CLANG_WARN_INT_CONVERSION = YES;
				CLANG_WARN_NON_LITERAL_NULL_CONVERSION = YES;
				CLANG_WARN_OBJC_IMPLICIT_RETAIN_SELF = YES;
				CLANG_WARN_OBJC_LITERAL_CONVERSION = YES;
				CLANG_WARN_OBJC_ROOT_CLASS = YES_ERROR;
				CLANG_WARN_RANGE_LOOP_ANALYSIS = YES;
				CLANG_WARN_STRICT_PROTOTYPES = YES;
				CLANG_WARN_SUSPICIOUS_MOVE = YES;
				CLANG_WARN_UNGUARDED_AVAILABILITY = YES_AGGRESSIVE;
				CLANG_WARN_UNREACHABLE_CODE = YES;
				CLANG_WARN__DUPLICATE_METHOD_MATCH = YES;
				CODE_SIGN_IDENTITY = "Mac Developer";
				COPY_PHASE_STRIP = NO;
				DEBUG_INFORMATION_FORMAT = dwarf;
				ENABLE_STRICT_OBJC_MSGSEND = YES;
				ENABLE_TESTABILITY = YES;
				GCC_C_LANGUAGE_STANDARD = gnu11;
				GCC_DYNAMIC_NO_PIC = NO;
				GCC_NO_COMMON_BLOCKS = YES;
				GCC_OPTIMIZATION_LEVEL = 0;
				GCC_PREPROCESSOR_DEFINITIONS = (
					"DEBUG=1",
					"$(inherited)",
				);
				GCC_WARN_64_TO_32_BIT_CONVERSION = YES;
				GCC_WARN_ABOUT_RETURN_TYPE = YES_ERROR;
				GCC_WARN_UNDECLARED_SELECTOR = YES;
				GCC_WARN_UNINITIALIZED_AUTOS = YES_AGGRESSIVE;
				GCC_WARN_UNUSED_FUNCTION = YES;
				GCC_WARN_UNUSED_VARIABLE = YES;
				MACOSX_DEPLOYMENT_TARGET = 10.14;
				MTL_ENABLE_DEBUG_INFO = INCLUDE_SOURCE;
				MTL_FAST_MATH = YES;
				ONLY_ACTIVE_ARCH = YES;
				SDKROOT = macosx;
				SWIFT_ACTIVE_COMPILATION_CONDITIONS = DEBUG;
				SWIFT_OPTIMIZATION_LEVEL = "-Onone";
			};
			name = Debug;
		};
		BF7096E321A2454500AA7D37 /* Release */ = {
			isa = XCBuildConfiguration;
			buildSettings = {
				ALWAYS_SEARCH_USER_PATHS = NO;
				CLANG_ANALYZER_NONNULL = YES;
				CLANG_ANALYZER_NUMBER_OBJECT_CONVERSION = YES_AGGRESSIVE;
				CLANG_CXX_LANGUAGE_STANDARD = "gnu++14";
				CLANG_CXX_LIBRARY = "libc++";
				CLANG_ENABLE_MODULES = YES;
				CLANG_ENABLE_OBJC_ARC = YES;
				CLANG_ENABLE_OBJC_WEAK = YES;
				CLANG_WARN_BLOCK_CAPTURE_AUTORELEASING = YES;
				CLANG_WARN_BOOL_CONVERSION = YES;
				CLANG_WARN_COMMA = YES;
				CLANG_WARN_CONSTANT_CONVERSION = YES;
				CLANG_WARN_DEPRECATED_OBJC_IMPLEMENTATIONS = YES;
				CLANG_WARN_DIRECT_OBJC_ISA_USAGE = YES_ERROR;
				CLANG_WARN_DOCUMENTATION_COMMENTS = YES;
				CLANG_WARN_EMPTY_BODY = YES;
				CLANG_WARN_ENUM_CONVERSION = YES;
				CLANG_WARN_INFINITE_RECURSION = YES;
				CLANG_WARN_INT_CONVERSION = YES;
				CLANG_WARN_NON_LITERAL_NULL_CONVERSION = YES;
				CLANG_WARN_OBJC_IMPLICIT_RETAIN_SELF = YES;
				CLANG_WARN_OBJC_LITERAL_CONVERSION = YES;
				CLANG_WARN_OBJC_ROOT_CLASS = YES_ERROR;
				CLANG_WARN_RANGE_LOOP_ANALYSIS = YES;
				CLANG_WARN_STRICT_PROTOTYPES = YES;
				CLANG_WARN_SUSPICIOUS_MOVE = YES;
				CLANG_WARN_UNGUARDED_AVAILABILITY = YES_AGGRESSIVE;
				CLANG_WARN_UNREACHABLE_CODE = YES;
				CLANG_WARN__DUPLICATE_METHOD_MATCH = YES;
				CODE_SIGN_IDENTITY = "Mac Developer";
				COPY_PHASE_STRIP = NO;
				DEBUG_INFORMATION_FORMAT = "dwarf-with-dsym";
				ENABLE_NS_ASSERTIONS = NO;
				ENABLE_STRICT_OBJC_MSGSEND = YES;
				GCC_C_LANGUAGE_STANDARD = gnu11;
				GCC_NO_COMMON_BLOCKS = YES;
				GCC_WARN_64_TO_32_BIT_CONVERSION = YES;
				GCC_WARN_ABOUT_RETURN_TYPE = YES_ERROR;
				GCC_WARN_UNDECLARED_SELECTOR = YES;
				GCC_WARN_UNINITIALIZED_AUTOS = YES_AGGRESSIVE;
				GCC_WARN_UNUSED_FUNCTION = YES;
				GCC_WARN_UNUSED_VARIABLE = YES;
				MACOSX_DEPLOYMENT_TARGET = 10.14;
				MTL_ENABLE_DEBUG_INFO = NO;
				MTL_FAST_MATH = YES;
				SDKROOT = macosx;
				SWIFT_COMPILATION_MODE = wholemodule;
				SWIFT_OPTIMIZATION_LEVEL = "-O";
			};
			name = Release;
		};
		BF7096E521A2454500AA7D37 /* Debug */ = {
			isa = XCBuildConfiguration;
			buildSettings = {
				ASSETCATALOG_COMPILER_APPICON_NAME = AppIcon;
				CODE_SIGN_ENTITLEMENTS = mac/mac.entitlements;
				CODE_SIGN_STYLE = Automatic;
				COMBINE_HIDPI_IMAGES = YES;
				DEVELOPMENT_TEAM = FQQXSP79X3;
				INFOPLIST_FILE = mac/Info.plist;
				LD_RUNPATH_SEARCH_PATHS = (
					"$(inherited)",
					"@executable_path/../Frameworks",
				);
				PRODUCT_BUNDLE_IDENTIFIER = io.github.terminagame.mac;
				PRODUCT_NAME = "$(TARGET_NAME)";
				SWIFT_VERSION = 4.2;
			};
			name = Debug;
		};
		BF7096E621A2454500AA7D37 /* Release */ = {
			isa = XCBuildConfiguration;
			buildSettings = {
				ASSETCATALOG_COMPILER_APPICON_NAME = AppIcon;
				CODE_SIGN_ENTITLEMENTS = mac/mac.entitlements;
				CODE_SIGN_STYLE = Automatic;
				COMBINE_HIDPI_IMAGES = YES;
				DEVELOPMENT_TEAM = FQQXSP79X3;
				INFOPLIST_FILE = mac/Info.plist;
				LD_RUNPATH_SEARCH_PATHS = (
					"$(inherited)",
					"@executable_path/../Frameworks",
				);
				PRODUCT_BUNDLE_IDENTIFIER = io.github.terminagame.mac;
				PRODUCT_NAME = "$(TARGET_NAME)";
				SWIFT_VERSION = 4.2;
			};
			name = Release;
		};
/* End XCBuildConfiguration section */

/* Begin XCConfigurationList section */
		BF7096C921A2454400AA7D37 /* Build configuration list for PBXProject "mac" */ = {
			isa = XCConfigurationList;
			buildConfigurations = (
				BF7096E221A2454500AA7D37 /* Debug */,
				BF7096E321A2454500AA7D37 /* Release */,
			);
			defaultConfigurationIsVisible = 0;
			defaultConfigurationName = Release;
		};
		BF7096E421A2454500AA7D37 /* Build configuration list for PBXNativeTarget "Termina" */ = {
			isa = XCConfigurationList;
			buildConfigurations = (
				BF7096E521A2454500AA7D37 /* Debug */,
				BF7096E621A2454500AA7D37 /* Release */,
			);
			defaultConfigurationIsVisible = 0;
			defaultConfigurationName = Release;
		};
/* End XCConfigurationList section */
	};
	rootObject = BF7096C621A2454400AA7D37 /* Project object */;
}
