{
  "object": {
    "pins": [
      {
        "package": "Files",
        "repositoryURL": "git@github.com:JohnSundell/Files.git",
        "state": {
          "branch": null,
          "revision": "6568bfe636f02dfd85dc9d51b3782555b83080d3",
          "version": "4.0.2"
        }
      },
      {
        "package": "SwiftyJSON",
        "repositoryURL": "git@github.com:SwiftyJSON/SwiftyJSON.git",
        "state": {
          "branch": null,
          "revision": "2b6054efa051565954e1d2b9da831680026cd768",
          "version": "5.0.0"
        }
      }
    ]
  },
  "version": 1
}
