// !$*UTF8*$!
{
	archiveVersion = 1;
	classes = {
	};
	objectVersion = 52;
	objects = {

/* Begin PBXBuildFile section */
		BF082D8821AC9A4500B5406C /* Hardcore.storyboard in Resources */ = {isa = PBXBuildFile; fileRef = BF082D5E21AC9A4500B5406C /* Hardcore.storyboard */; };
		BF082D8921AC9A4500B5406C /* Profile.storyboard in Resources */ = {isa = PBXBuildFile; fileRef = BF082D5F21AC9A4500B5406C /* Profile.storyboard */; };
		BF082D8A21AC9A4500B5406C /* NewPlayer.storyboard in Resources */ = {isa = PBXBuildFile; fileRef = BF082D6021AC9A4500B5406C /* NewPlayer.storyboard */; };
		BF082D8B21AC9A4500B5406C /* Main.storyboard in Resources */ = {isa = PBXBuildFile; fileRef = BF082D6121AC9A4500B5406C /* Main.storyboard */; };
		BF082D8C21AC9A4500B5406C /* About.storyboard in Resources */ = {isa = PBXBuildFile; fileRef = BF082D6321AC9A4500B5406C /* About.storyboard */; };
		BF082D8D21AC9A4500B5406C /* Assets.xcassets in Resources */ = {isa = PBXBuildFile; fileRef = BF082D6421AC9A4500B5406C /* Assets.xcassets */; };
		BF082D8E21AC9A4500B5406C /* MainMenu.swift in Sources */ = {isa = PBXBuildFile; fileRef = BF082D6621AC9A4500B5406C /* MainMenu.swift */; };
		BF082D8F21AC9A4500B5406C /* Room29Scene.swift in Sources */ = {isa = PBXBuildFile; fileRef = BF082D6721AC9A4500B5406C /* Room29Scene.swift */; };
		BF082D9021AC9A4500B5406C /* HUD.swift in Sources */ = {isa = PBXBuildFile; fileRef = BF082D6821AC9A4500B5406C /* HUD.swift */; };
		BF082D9121AC9A4500B5406C /* RoomScene.swift in Sources */ = {isa = PBXBuildFile; fileRef = BF082D6921AC9A4500B5406C /* RoomScene.swift */; };
		BF082D9221AC9A4500B5406C /* RoomSceneExtension.swift in Sources */ = {isa = PBXBuildFile; fileRef = BF082D6A21AC9A4500B5406C /* RoomSceneExtension.swift */; };
		BF082D9421AC9A4500B5406C /* MainMenu.sks in Resources */ = {isa = PBXBuildFile; fileRef = BF082D6D21AC9A4500B5406C /* MainMenu.sks */; };
		BF082D9521AC9A4500B5406C /* Environment.sks in Resources */ = {isa = PBXBuildFile; fileRef = BF082D6E21AC9A4500B5406C /* Environment.sks */; };
		BF082D9621AC9A4500B5406C /* 28.sks in Resources */ = {isa = PBXBuildFile; fileRef = BF082D6F21AC9A4500B5406C /* 28.sks */; };
		BF082D9721AC9A4500B5406C /* 29.sks in Resources */ = {isa = PBXBuildFile; fileRef = BF082D7021AC9A4500B5406C /* 29.sks */; };
		BF082D9821AC9A4500B5406C /* Names.swift in Sources */ = {isa = PBXBuildFile; fileRef = BF082D7221AC9A4500B5406C /* Names.swift */; };
		BF082D9921AC9A4500B5406C /* Monster.swift in Sources */ = {isa = PBXBuildFile; fileRef = BF082D7321AC9A4500B5406C /* Monster.swift */; };
		BF082D9A21AC9A4500B5406C /* Weapon.swift in Sources */ = {isa = PBXBuildFile; fileRef = BF082D7421AC9A4500B5406C /* Weapon.swift */; };
		BF082D9B21AC9A4500B5406C /* Data.swift in Sources */ = {isa = PBXBuildFile; fileRef = BF082D7521AC9A4500B5406C /* Data.swift */; };
		BF082D9C21AC9A4500B5406C /* Entity.swift in Sources */ = {isa = PBXBuildFile; fileRef = BF082D7621AC9A4500B5406C /* Entity.swift */; };
		BF082D9D21AC9A4500B5406C /* Item.swift in Sources */ = {isa = PBXBuildFile; fileRef = BF082D7721AC9A4500B5406C /* Item.swift */; };
		BF082D9E21AC9A4500B5406C /* Bottle.swift in Sources */ = {isa = PBXBuildFile; fileRef = BF082D7821AC9A4500B5406C /* Bottle.swift */; };
		BF082D9F21AC9A4500B5406C /* Termina.swift in Sources */ = {isa = PBXBuildFile; fileRef = BF082D7921AC9A4500B5406C /* Termina.swift */; };
		BF082DA021AC9A4500B5406C /* Player.swift in Sources */ = {isa = PBXBuildFile; fileRef = BF082D7A21AC9A4500B5406C /* Player.swift */; };
		BF082DA121AC9A4500B5406C /* Potion.swift in Sources */ = {isa = PBXBuildFile; fileRef = BF082D7B21AC9A4500B5406C /* Potion.swift */; };
		BF082DA321AC9A4500B5406C /* Keycodes.swift in Sources */ = {isa = PBXBuildFile; fileRef = BF082D7E21AC9A4500B5406C /* Keycodes.swift */; };
		BF082DA521AC9A4500B5406C /* ViewController.swift in Sources */ = {isa = PBXBuildFile; fileRef = BF082D8121AC9A4500B5406C /* ViewController.swift */; };
		BF082DA621AC9A4500B5406C /* NewPlayer.swift in Sources */ = {isa = PBXBuildFile; fileRef = BF082D8221AC9A4500B5406C /* NewPlayer.swift */; };
		BF082DA721AC9A4500B5406C /* Profile.swift in Sources */ = {isa = PBXBuildFile; fileRef = BF082D8321AC9A4500B5406C /* Profile.swift */; };
		BF082DA821AC9A4500B5406C /* AppDelegate.swift in Sources */ = {isa = PBXBuildFile; fileRef = BF082D8421AC9A4500B5406C /* AppDelegate.swift */; };
		BF082DA921AC9A4500B5406C /* Hardcore.swift in Sources */ = {isa = PBXBuildFile; fileRef = BF082D8521AC9A4500B5406C /* Hardcore.swift */; };
		BF082DAA21AC9A4500B5406C /* AboutViewController.swift in Sources */ = {isa = PBXBuildFile; fileRef = BF082D8621AC9A4500B5406C /* AboutViewController.swift */; };
		BF082DAB21AC9A4500B5406C /* AppMenu.swift in Sources */ = {isa = PBXBuildFile; fileRef = BF082D8721AC9A4500B5406C /* AppMenu.swift */; };
		BF082DAE21AC9EA900B5406C /* UserNotifications.framework in Frameworks */ = {isa = PBXBuildFile; fileRef = BF082DAD21AC9EA900B5406C /* UserNotifications.framework */; };
		BF082DB021AC9EB000B5406C /* SpriteKit.framework in Frameworks */ = {isa = PBXBuildFile; fileRef = BF082DAF21AC9EB000B5406C /* SpriteKit.framework */; };
		BF082DB221AD8CC100B5406C /* About.rtf in Resources */ = {isa = PBXBuildFile; fileRef = BF082DB121AD8CC100B5406C /* About.rtf */; };
		BF14084321B0923000A7E70E /* Template.sks in Resources */ = {isa = PBXBuildFile; fileRef = BF14084221B0923000A7E70E /* Template.sks */; };
		BF14089921B09B9800A7E70E /* 16.sks in Resources */ = {isa = PBXBuildFile; fileRef = BF14087D21B09B9500A7E70E /* 16.sks */; };
		BF14089A21B09B9800A7E70E /* 8.sks in Resources */ = {isa = PBXBuildFile; fileRef = BF14087E21B09B9600A7E70E /* 8.sks */; };
		BF14089B21B09B9800A7E70E /* 10.sks in Resources */ = {isa = PBXBuildFile; fileRef = BF14087F21B09B9600A7E70E /* 10.sks */; };
		BF14089C21B09B9800A7E70E /* 14.sks in Resources */ = {isa = PBXBuildFile; fileRef = BF14088021B09B9600A7E70E /* 14.sks */; };
		BF14089D21B09B9800A7E70E /* 21.sks in Resources */ = {isa = PBXBuildFile; fileRef = BF14088121B09B9600A7E70E /* 21.sks */; };
		BF14089E21B09B9800A7E70E /* 3.sks in Resources */ = {isa = PBXBuildFile; fileRef = BF14088221B09B9600A7E70E /* 3.sks */; };
		BF14089F21B09B9800A7E70E /* 13.sks in Resources */ = {isa = PBXBuildFile; fileRef = BF14088321B09B9600A7E70E /* 13.sks */; };
		BF1408A021B09B9800A7E70E /* 23.sks in Resources */ = {isa = PBXBuildFile; fileRef = BF14088421B09B9600A7E70E /* 23.sks */; };
		BF1408A121B09B9800A7E70E /* 15.sks in Resources */ = {isa = PBXBuildFile; fileRef = BF14088521B09B9600A7E70E /* 15.sks */; };
		BF1408A221B09B9800A7E70E /* 27.sks in Resources */ = {isa = PBXBuildFile; fileRef = BF14088621B09B9600A7E70E /* 27.sks */; };
		BF1408A321B09B9800A7E70E /* 0.sks in Resources */ = {isa = PBXBuildFile; fileRef = BF14088721B09B9600A7E70E /* 0.sks */; };
		BF1408A421B09B9800A7E70E /* 12.sks in Resources */ = {isa = PBXBuildFile; fileRef = BF14088821B09B9600A7E70E /* 12.sks */; };
		BF1408A521B09B9800A7E70E /* 26.sks in Resources */ = {isa = PBXBuildFile; fileRef = BF14088921B09B9600A7E70E /* 26.sks */; };
		BF1408A621B09B9800A7E70E /* 17.sks in Resources */ = {isa = PBXBuildFile; fileRef = BF14088A21B09B9600A7E70E /* 17.sks */; };
		BF1408A721B09B9800A7E70E /* 11.sks in Resources */ = {isa = PBXBuildFile; fileRef = BF14088B21B09B9700A7E70E /* 11.sks */; };
		BF1408A821B09B9800A7E70E /* 9.sks in Resources */ = {isa = PBXBuildFile; fileRef = BF14088C21B09B9700A7E70E /* 9.sks */; };
		BF1408A921B09B9800A7E70E /* 25.sks in Resources */ = {isa = PBXBuildFile; fileRef = BF14088D21B09B9700A7E70E /* 25.sks */; };
		BF1408AA21B09B9800A7E70E /* 4.sks in Resources */ = {isa = PBXBuildFile; fileRef = BF14088E21B09B9700A7E70E /* 4.sks */; };
		BF1408AB21B09B9800A7E70E /* 6.sks in Resources */ = {isa = PBXBuildFile; fileRef = BF14088F21B09B9700A7E70E /* 6.sks */; };
		BF1408AC21B09B9800A7E70E /* 20.sks in Resources */ = {isa = PBXBuildFile; fileRef = BF14089021B09B9700A7E70E /* 20.sks */; };
		BF1408AD21B09B9800A7E70E /* 24.sks in Resources */ = {isa = PBXBuildFile; fileRef = BF14089121B09B9700A7E70E /* 24.sks */; };
		BF1408AE21B09B9800A7E70E /* 22.sks in Resources */ = {isa = PBXBuildFile; fileRef = BF14089221B09B9700A7E70E /* 22.sks */; };
		BF1408AF21B09B9800A7E70E /* 19.sks in Resources */ = {isa = PBXBuildFile; fileRef = BF14089321B09B9700A7E70E /* 19.sks */; };
		BF1408B021B09B9800A7E70E /* 7.sks in Resources */ = {isa = PBXBuildFile; fileRef = BF14089421B09B9800A7E70E /* 7.sks */; };
		BF1408B121B09B9800A7E70E /* 1.sks in Resources */ = {isa = PBXBuildFile; fileRef = BF14089521B09B9800A7E70E /* 1.sks */; };
		BF1408B221B09B9800A7E70E /* 2.sks in Resources */ = {isa = PBXBuildFile; fileRef = BF14089621B09B9800A7E70E /* 2.sks */; };
		BF1408B321B09B9800A7E70E /* 18.sks in Resources */ = {isa = PBXBuildFile; fileRef = BF14089721B09B9800A7E70E /* 18.sks */; };
		BF1408B421B09B9800A7E70E /* 5.sks in Resources */ = {isa = PBXBuildFile; fileRef = BF14089821B09B9800A7E70E /* 5.sks */; };
		BF1787DD21B468DF0056CD88 /* ChangeNameViewController.swift in Sources */ = {isa = PBXBuildFile; fileRef = BF1787DC21B468DF0056CD88 /* ChangeNameViewController.swift */; };
		BF378147239344CA0045C330 /* HardcoreModeView.swift in Sources */ = {isa = PBXBuildFile; fileRef = BF378146239344CA0045C330 /* HardcoreModeView.swift */; };
		BF3F4CE421AF4F7400A43895 /* BetaViewController.swift in Sources */ = {isa = PBXBuildFile; fileRef = BF3F4CE321AF4F7400A43895 /* BetaViewController.swift */; };
		BF46539D21B5A3E3006BBF04 /* UserDefaults.swift in Sources */ = {isa = PBXBuildFile; fileRef = BF46539C21B5A3E3006BBF04 /* UserDefaults.swift */; };
		BF4AC24921C2A75B0050ACE7 /* NPC.swift in Sources */ = {isa = PBXBuildFile; fileRef = BF4AC24821C2A75B0050ACE7 /* NPC.swift */; };
		BF4AC24B21C2B7F60050ACE7 /* Speech.swift in Sources */ = {isa = PBXBuildFile; fileRef = BF4AC24A21C2B7F60050ACE7 /* Speech.swift */; };
		BF4AC25021C2E5700050ACE7 /* GeneralPane.swift in Sources */ = {isa = PBXBuildFile; fileRef = BF4AC24E21C2E5700050ACE7 /* GeneralPane.swift */; };
		BF4CA6BB21B5B01E007A39F1 /* Preferences.storyboard in Resources */ = {isa = PBXBuildFile; fileRef = BF4CA6BA21B5B01E007A39F1 /* Preferences.storyboard */; };
		BF4CA6BD21B5B500007A39F1 /* PreferencesViewController.swift in Sources */ = {isa = PBXBuildFile; fileRef = BF4CA6BC21B5B500007A39F1 /* PreferencesViewController.swift */; };
		BF4CA6BF21B5B59D007A39F1 /* PreferencesWindowController.swift in Sources */ = {isa = PBXBuildFile; fileRef = BF4CA6BE21B5B59D007A39F1 /* PreferencesWindowController.swift */; };
		BF4CA6C121B5BD04007A39F1 /* NotificationPane.swift in Sources */ = {isa = PBXBuildFile; fileRef = BF4CA6C021B5BD04007A39F1 /* NotificationPane.swift */; };
		BF70B6DD21BEF1F1002473B6 /* AppearancePane.swift in Sources */ = {isa = PBXBuildFile; fileRef = BF70B6DC21BEF1F1002473B6 /* AppearancePane.swift */; };
		BF75430923933D9E00F9FE8D /* Files in Frameworks */ = {isa = PBXBuildFile; productRef = BF75430823933D9E00F9FE8D /* Files */; };
		BF75430C23933DB400F9FE8D /* SwiftyJSON in Frameworks */ = {isa = PBXBuildFile; productRef = BF75430B23933DB400F9FE8D /* SwiftyJSON */; };
		BF90A4C921C03D8100F64D5D /* GhostMenuMusic.aif in Resources */ = {isa = PBXBuildFile; fileRef = BF90A4C821C03D8100F64D5D /* GhostMenuMusic.aif */; };
		BFA433C621B2FCA200E6FB45 /* BetaHandler.swift in Sources */ = {isa = PBXBuildFile; fileRef = BFA433C521B2FCA200E6FB45 /* BetaHandler.swift */; };
		BFBE9C1221B5E6A300AA1C6C /* BetaProgramPane.swift in Sources */ = {isa = PBXBuildFile; fileRef = BFBE9C1021B5E6A300AA1C6C /* BetaProgramPane.swift */; };
		BFF9FBBB21B320FB001DAAC9 /* Tutorial.sks in Resources */ = {isa = PBXBuildFile; fileRef = BFF9FBBA21B320FB001DAAC9 /* Tutorial.sks */; };
		BFF9FBBD21B329AB001DAAC9 /* TutorialRoomScene.swift in Sources */ = {isa = PBXBuildFile; fileRef = BFF9FBBC21B329AB001DAAC9 /* TutorialRoomScene.swift */; };
/* End PBXBuildFile section */

/* Begin PBXBuildRule section */
		BF3BCB4D21B0D32500CF9220 /* PBXBuildRule */ = {
			isa = PBXBuildRule;
			compilerSpec = com.apple.compilers.assetcatalog;
			fileType = pattern.proxy;
			inputFiles = (
			);
			isEditable = 1;
			outputFiles = (
			);
			script = "# Type a script or drag a script file from your workspace to insert its path.\n";
		};
/* End PBXBuildRule section */

/* Begin PBXFileReference section */
		652150F919EC5343C1E5A7A7 /* Pods_Termina.framework */ = {isa = PBXFileReference; explicitFileType = wrapper.framework; includeInIndex = 0; path = Pods_Termina.framework; sourceTree = BUILT_PRODUCTS_DIR; };
		BF082D4421AC99FF00B5406C /* Termina.app */ = {isa = PBXFileReference; explicitFileType = wrapper.application; includeInIndex = 0; path = Termina.app; sourceTree = BUILT_PRODUCTS_DIR; };
		BF082D5621AC9A0000B5406C /* Info.plist */ = {isa = PBXFileReference; lastKnownFileType = text.plist.xml; path = Info.plist; sourceTree = "<group>"; };
		BF082D5721AC9A0000B5406C /* Termina.entitlements */ = {isa = PBXFileReference; lastKnownFileType = text.plist.entitlements; path = Termina.entitlements; sourceTree = "<group>"; };
		BF082D5E21AC9A4500B5406C /* Hardcore.storyboard */ = {isa = PBXFileReference; fileEncoding = 4; lastKnownFileType = file.storyboard; path = Hardcore.storyboard; sourceTree = "<group>"; };
		BF082D5F21AC9A4500B5406C /* Profile.storyboard */ = {isa = PBXFileReference; fileEncoding = 4; lastKnownFileType = file.storyboard; path = Profile.storyboard; sourceTree = "<group>"; };
		BF082D6021AC9A4500B5406C /* NewPlayer.storyboard */ = {isa = PBXFileReference; fileEncoding = 4; lastKnownFileType = file.storyboard; path = NewPlayer.storyboard; sourceTree = "<group>"; };
		BF082D6221AC9A4500B5406C /* Base */ = {isa = PBXFileReference; lastKnownFileType = file.storyboard; name = Base; path = Base.lproj/Main.storyboard; sourceTree = "<group>"; };
		BF082D6321AC9A4500B5406C /* About.storyboard */ = {isa = PBXFileReference; fileEncoding = 4; lastKnownFileType = file.storyboard; path = About.storyboard; sourceTree = "<group>"; };
		BF082D6421AC9A4500B5406C /* Assets.xcassets */ = {isa = PBXFileReference; lastKnownFileType = folder.assetcatalog; path = Assets.xcassets; sourceTree = "<group>"; };
		BF082D6621AC9A4500B5406C /* MainMenu.swift */ = {isa = PBXFileReference; fileEncoding = 4; lastKnownFileType = sourcecode.swift; path = MainMenu.swift; sourceTree = "<group>"; };
		BF082D6721AC9A4500B5406C /* Room29Scene.swift */ = {isa = PBXFileReference; fileEncoding = 4; lastKnownFileType = sourcecode.swift; path = Room29Scene.swift; sourceTree = "<group>"; };
		BF082D6821AC9A4500B5406C /* HUD.swift */ = {isa = PBXFileReference; fileEncoding = 4; lastKnownFileType = sourcecode.swift; path = HUD.swift; sourceTree = "<group>"; };
		BF082D6921AC9A4500B5406C /* RoomScene.swift */ = {isa = PBXFileReference; fileEncoding = 4; lastKnownFileType = sourcecode.swift; path = RoomScene.swift; sourceTree = "<group>"; };
		BF082D6A21AC9A4500B5406C /* RoomSceneExtension.swift */ = {isa = PBXFileReference; fileEncoding = 4; lastKnownFileType = sourcecode.swift; path = RoomSceneExtension.swift; sourceTree = "<group>"; };
		BF082D6D21AC9A4500B5406C /* MainMenu.sks */ = {isa = PBXFileReference; lastKnownFileType = file.sks; path = MainMenu.sks; sourceTree = "<group>"; };
		BF082D6E21AC9A4500B5406C /* Environment.sks */ = {isa = PBXFileReference; lastKnownFileType = file.sks; path = Environment.sks; sourceTree = "<group>"; };
		BF082D6F21AC9A4500B5406C /* 28.sks */ = {isa = PBXFileReference; lastKnownFileType = file.sks; path = 28.sks; sourceTree = "<group>"; };
		BF082D7021AC9A4500B5406C /* 29.sks */ = {isa = PBXFileReference; lastKnownFileType = file.sks; path = 29.sks; sourceTree = "<group>"; };
		BF082D7221AC9A4500B5406C /* Names.swift */ = {isa = PBXFileReference; fileEncoding = 4; lastKnownFileType = sourcecode.swift; path = Names.swift; sourceTree = "<group>"; };
		BF082D7321AC9A4500B5406C /* Monster.swift */ = {isa = PBXFileReference; fileEncoding = 4; lastKnownFileType = sourcecode.swift; path = Monster.swift; sourceTree = "<group>"; };
		BF082D7421AC9A4500B5406C /* Weapon.swift */ = {isa = PBXFileReference; fileEncoding = 4; lastKnownFileType = sourcecode.swift; path = Weapon.swift; sourceTree = "<group>"; };
		BF082D7521AC9A4500B5406C /* Data.swift */ = {isa = PBXFileReference; fileEncoding = 4; lastKnownFileType = sourcecode.swift; path = Data.swift; sourceTree = "<group>"; };
		BF082D7621AC9A4500B5406C /* Entity.swift */ = {isa = PBXFileReference; fileEncoding = 4; lastKnownFileType = sourcecode.swift; path = Entity.swift; sourceTree = "<group>"; };
		BF082D7721AC9A4500B5406C /* Item.swift */ = {isa = PBXFileReference; fileEncoding = 4; lastKnownFileType = sourcecode.swift; path = Item.swift; sourceTree = "<group>"; };
		BF082D7821AC9A4500B5406C /* Bottle.swift */ = {isa = PBXFileReference; fileEncoding = 4; lastKnownFileType = sourcecode.swift; path = Bottle.swift; sourceTree = "<group>"; };
		BF082D7921AC9A4500B5406C /* Termina.swift */ = {isa = PBXFileReference; fileEncoding = 4; lastKnownFileType = sourcecode.swift; path = Termina.swift; sourceTree = "<group>"; };
		BF082D7A21AC9A4500B5406C /* Player.swift */ = {isa = PBXFileReference; fileEncoding = 4; lastKnownFileType = sourcecode.swift; path = Player.swift; sourceTree = "<group>"; };
		BF082D7B21AC9A4500B5406C /* Potion.swift */ = {isa = PBXFileReference; fileEncoding = 4; lastKnownFileType = sourcecode.swift; path = Potion.swift; sourceTree = "<group>"; };
		BF082D7E21AC9A4500B5406C /* Keycodes.swift */ = {isa = PBXFileReference; fileEncoding = 4; lastKnownFileType = sourcecode.swift; path = Keycodes.swift; sourceTree = "<group>"; };
		BF082D8121AC9A4500B5406C /* ViewController.swift */ = {isa = PBXFileReference; fileEncoding = 4; lastKnownFileType = sourcecode.swift; path = ViewController.swift; sourceTree = "<group>"; };
		BF082D8221AC9A4500B5406C /* NewPlayer.swift */ = {isa = PBXFileReference; fileEncoding = 4; lastKnownFileType = sourcecode.swift; path = NewPlayer.swift; sourceTree = "<group>"; };
		BF082D8321AC9A4500B5406C /* Profile.swift */ = {isa = PBXFileReference; fileEncoding = 4; lastKnownFileType = sourcecode.swift; path = Profile.swift; sourceTree = "<group>"; };
		BF082D8421AC9A4500B5406C /* AppDelegate.swift */ = {isa = PBXFileReference; fileEncoding = 4; lastKnownFileType = sourcecode.swift; path = AppDelegate.swift; sourceTree = "<group>"; };
		BF082D8521AC9A4500B5406C /* Hardcore.swift */ = {isa = PBXFileReference; fileEncoding = 4; lastKnownFileType = sourcecode.swift; path = Hardcore.swift; sourceTree = "<group>"; };
		BF082D8621AC9A4500B5406C /* AboutViewController.swift */ = {isa = PBXFileReference; fileEncoding = 4; lastKnownFileType = sourcecode.swift; path = AboutViewController.swift; sourceTree = "<group>"; };
		BF082D8721AC9A4500B5406C /* AppMenu.swift */ = {isa = PBXFileReference; fileEncoding = 4; lastKnownFileType = sourcecode.swift; path = AppMenu.swift; sourceTree = "<group>"; };
		BF082DAD21AC9EA900B5406C /* UserNotifications.framework */ = {isa = PBXFileReference; lastKnownFileType = wrapper.framework; name = UserNotifications.framework; path = System/Library/Frameworks/UserNotifications.framework; sourceTree = SDKROOT; };
		BF082DAF21AC9EB000B5406C /* SpriteKit.framework */ = {isa = PBXFileReference; lastKnownFileType = wrapper.framework; name = SpriteKit.framework; path = System/Library/Frameworks/SpriteKit.framework; sourceTree = SDKROOT; };
		BF082DB121AD8CC100B5406C /* About.rtf */ = {isa = PBXFileReference; fileEncoding = 4; lastKnownFileType = text.rtf; path = About.rtf; sourceTree = "<group>"; };
		BF14084221B0923000A7E70E /* Template.sks */ = {isa = PBXFileReference; lastKnownFileType = file.sks; path = Template.sks; sourceTree = "<group>"; };
		BF14087D21B09B9500A7E70E /* 16.sks */ = {isa = PBXFileReference; lastKnownFileType = file.sks; path = 16.sks; sourceTree = "<group>"; };
		BF14087E21B09B9600A7E70E /* 8.sks */ = {isa = PBXFileReference; lastKnownFileType = file.sks; path = 8.sks; sourceTree = "<group>"; };
		BF14087F21B09B9600A7E70E /* 10.sks */ = {isa = PBXFileReference; lastKnownFileType = file.sks; path = 10.sks; sourceTree = "<group>"; };
		BF14088021B09B9600A7E70E /* 14.sks */ = {isa = PBXFileReference; lastKnownFileType = file.sks; path = 14.sks; sourceTree = "<group>"; };
		BF14088121B09B9600A7E70E /* 21.sks */ = {isa = PBXFileReference; lastKnownFileType = file.sks; path = 21.sks; sourceTree = "<group>"; };
		BF14088221B09B9600A7E70E /* 3.sks */ = {isa = PBXFileReference; lastKnownFileType = file.sks; path = 3.sks; sourceTree = "<group>"; };
		BF14088321B09B9600A7E70E /* 13.sks */ = {isa = PBXFileReference; lastKnownFileType = file.sks; path = 13.sks; sourceTree = "<group>"; };
		BF14088421B09B9600A7E70E /* 23.sks */ = {isa = PBXFileReference; lastKnownFileType = file.sks; path = 23.sks; sourceTree = "<group>"; };
		BF14088521B09B9600A7E70E /* 15.sks */ = {isa = PBXFileReference; lastKnownFileType = file.sks; path = 15.sks; sourceTree = "<group>"; };
		BF14088621B09B9600A7E70E /* 27.sks */ = {isa = PBXFileReference; lastKnownFileType = file.sks; path = 27.sks; sourceTree = "<group>"; };
		BF14088721B09B9600A7E70E /* 0.sks */ = {isa = PBXFileReference; lastKnownFileType = file.sks; path = 0.sks; sourceTree = "<group>"; };
		BF14088821B09B9600A7E70E /* 12.sks */ = {isa = PBXFileReference; lastKnownFileType = file.sks; path = 12.sks; sourceTree = "<group>"; };
		BF14088921B09B9600A7E70E /* 26.sks */ = {isa = PBXFileReference; lastKnownFileType = file.sks; path = 26.sks; sourceTree = "<group>"; };
		BF14088A21B09B9600A7E70E /* 17.sks */ = {isa = PBXFileReference; lastKnownFileType = file.sks; path = 17.sks; sourceTree = "<group>"; };
		BF14088B21B09B9700A7E70E /* 11.sks */ = {isa = PBXFileReference; lastKnownFileType = file.sks; path = 11.sks; sourceTree = "<group>"; };
		BF14088C21B09B9700A7E70E /* 9.sks */ = {isa = PBXFileReference; lastKnownFileType = file.sks; path = 9.sks; sourceTree = "<group>"; };
		BF14088D21B09B9700A7E70E /* 25.sks */ = {isa = PBXFileReference; lastKnownFileType = file.sks; path = 25.sks; sourceTree = "<group>"; };
		BF14088E21B09B9700A7E70E /* 4.sks */ = {isa = PBXFileReference; lastKnownFileType = file.sks; path = 4.sks; sourceTree = "<group>"; };
		BF14088F21B09B9700A7E70E /* 6.sks */ = {isa = PBXFileReference; lastKnownFileType = file.sks; path = 6.sks; sourceTree = "<group>"; };
		BF14089021B09B9700A7E70E /* 20.sks */ = {isa = PBXFileReference; lastKnownFileType = file.sks; path = 20.sks; sourceTree = "<group>"; };
		BF14089121B09B9700A7E70E /* 24.sks */ = {isa = PBXFileReference; lastKnownFileType = file.sks; path = 24.sks; sourceTree = "<group>"; };
		BF14089221B09B9700A7E70E /* 22.sks */ = {isa = PBXFileReference; lastKnownFileType = file.sks; path = 22.sks; sourceTree = "<group>"; };
		BF14089321B09B9700A7E70E /* 19.sks */ = {isa = PBXFileReference; lastKnownFileType = file.sks; path = 19.sks; sourceTree = "<group>"; };
		BF14089421B09B9800A7E70E /* 7.sks */ = {isa = PBXFileReference; lastKnownFileType = file.sks; path = 7.sks; sourceTree = "<group>"; };
		BF14089521B09B9800A7E70E /* 1.sks */ = {isa = PBXFileReference; lastKnownFileType = file.sks; path = 1.sks; sourceTree = "<group>"; };
		BF14089621B09B9800A7E70E /* 2.sks */ = {isa = PBXFileReference; lastKnownFileType = file.sks; path = 2.sks; sourceTree = "<group>"; };
		BF14089721B09B9800A7E70E /* 18.sks */ = {isa = PBXFileReference; lastKnownFileType = file.sks; path = 18.sks; sourceTree = "<group>"; };
		BF14089821B09B9800A7E70E /* 5.sks */ = {isa = PBXFileReference; lastKnownFileType = file.sks; path = 5.sks; sourceTree = "<group>"; };
		BF1787DC21B468DF0056CD88 /* ChangeNameViewController.swift */ = {isa = PBXFileReference; lastKnownFileType = sourcecode.swift; path = ChangeNameViewController.swift; sourceTree = "<group>"; };
		BF378146239344CA0045C330 /* HardcoreModeView.swift */ = {isa = PBXFileReference; lastKnownFileType = sourcecode.swift; path = HardcoreModeView.swift; sourceTree = "<group>"; };
		BF378148239344FE0045C330 /* SwiftUI.framework */ = {isa = PBXFileReference; lastKnownFileType = wrapper.framework; name = SwiftUI.framework; path = System/Library/Frameworks/SwiftUI.framework; sourceTree = SDKROOT; };
		BF3F4CE321AF4F7400A43895 /* BetaViewController.swift */ = {isa = PBXFileReference; lastKnownFileType = sourcecode.swift; path = BetaViewController.swift; sourceTree = "<group>"; };
		BF46539C21B5A3E3006BBF04 /* UserDefaults.swift */ = {isa = PBXFileReference; lastKnownFileType = sourcecode.swift; path = UserDefaults.swift; sourceTree = "<group>"; };
		BF4AC24821C2A75B0050ACE7 /* NPC.swift */ = {isa = PBXFileReference; lastKnownFileType = sourcecode.swift; path = NPC.swift; sourceTree = "<group>"; };
		BF4AC24A21C2B7F60050ACE7 /* Speech.swift */ = {isa = PBXFileReference; lastKnownFileType = sourcecode.swift; path = Speech.swift; sourceTree = "<group>"; };
		BF4AC24E21C2E5700050ACE7 /* GeneralPane.swift */ = {isa = PBXFileReference; lastKnownFileType = sourcecode.swift; path = GeneralPane.swift; sourceTree = "<group>"; };
		BF4AC25221C2E7010050ACE7 /* Termina macOS Beta Program.rtf */ = {isa = PBXFileReference; lastKnownFileType = text.rtf; name = "Termina macOS Beta Program.rtf"; path = "../../../../../Library/Mobile Documents/com~apple~TextEdit/Documents/Termina macOS Beta Program.rtf"; sourceTree = "<group>"; };
		BF4CA6BA21B5B01E007A39F1 /* Preferences.storyboard */ = {isa = PBXFileReference; lastKnownFileType = file.storyboard; path = Preferences.storyboard; sourceTree = "<group>"; };
		BF4CA6BC21B5B500007A39F1 /* PreferencesViewController.swift */ = {isa = PBXFileReference; lastKnownFileType = sourcecode.swift; path = PreferencesViewController.swift; sourceTree = "<group>"; };
		BF4CA6BE21B5B59D007A39F1 /* PreferencesWindowController.swift */ = {isa = PBXFileReference; lastKnownFileType = sourcecode.swift; path = PreferencesWindowController.swift; sourceTree = "<group>"; };
		BF4CA6C021B5BD04007A39F1 /* NotificationPane.swift */ = {isa = PBXFileReference; lastKnownFileType = sourcecode.swift; path = NotificationPane.swift; sourceTree = "<group>"; };
		BF5D7A2F21AF4152008CD33F /* AppCenterCrashes.framework */ = {isa = PBXFileReference; lastKnownFileType = wrapper.framework; name = AppCenterCrashes.framework; path = "Pods/AppCenter/AppCenter-SDK-Apple/macOS/AppCenterCrashes.framework"; sourceTree = "<group>"; };
		BF5D7A3021AF4152008CD33F /* AppCenter.framework */ = {isa = PBXFileReference; lastKnownFileType = wrapper.framework; name = AppCenter.framework; path = "Pods/AppCenter/AppCenter-SDK-Apple/macOS/AppCenter.framework"; sourceTree = "<group>"; };
		BF5D7A3121AF4152008CD33F /* AppCenterAnalytics.framework */ = {isa = PBXFileReference; lastKnownFileType = wrapper.framework; name = AppCenterAnalytics.framework; path = "Pods/AppCenter/AppCenter-SDK-Apple/macOS/AppCenterAnalytics.framework"; sourceTree = "<group>"; };
		BF70B6DC21BEF1F1002473B6 /* AppearancePane.swift */ = {isa = PBXFileReference; lastKnownFileType = sourcecode.swift; path = AppearancePane.swift; sourceTree = "<group>"; };
		BF90A4C821C03D8100F64D5D /* GhostMenuMusic.aif */ = {isa = PBXFileReference; lastKnownFileType = file; path = GhostMenuMusic.aif; sourceTree = "<group>"; };
		BFA433C521B2FCA200E6FB45 /* BetaHandler.swift */ = {isa = PBXFileReference; lastKnownFileType = sourcecode.swift; path = BetaHandler.swift; sourceTree = "<group>"; };
		BFBC47A121C2A710002A6C28 /* Termina macOS Beta Program.rtf */ = {isa = PBXFileReference; lastKnownFileType = text.rtf; path = "Termina macOS Beta Program.rtf"; sourceTree = "<group>"; };
		BFBE9C1021B5E6A300AA1C6C /* BetaProgramPane.swift */ = {isa = PBXFileReference; lastKnownFileType = sourcecode.swift; path = BetaProgramPane.swift; sourceTree = "<group>"; };
		BFF9FBBA21B320FB001DAAC9 /* Tutorial.sks */ = {isa = PBXFileReference; lastKnownFileType = file.sks; path = Tutorial.sks; sourceTree = "<group>"; };
		BFF9FBBC21B329AB001DAAC9 /* TutorialRoomScene.swift */ = {isa = PBXFileReference; lastKnownFileType = sourcecode.swift; path = TutorialRoomScene.swift; sourceTree = "<group>"; };
/* End PBXFileReference section */

/* Begin PBXFrameworksBuildPhase section */
		BF082D4121AC99FF00B5406C /* Frameworks */ = {
			isa = PBXFrameworksBuildPhase;
			buildActionMask = 2147483647;
			files = (
				BF75430923933D9E00F9FE8D /* Files in Frameworks */,
				BF082DB021AC9EB000B5406C /* SpriteKit.framework in Frameworks */,
				BF75430C23933DB400F9FE8D /* SwiftyJSON in Frameworks */,
				BF082DAE21AC9EA900B5406C /* UserNotifications.framework in Frameworks */,
			);
			runOnlyForDeploymentPostprocessing = 0;
		};
/* End PBXFrameworksBuildPhase section */

/* Begin PBXGroup section */
		BF082D3B21AC99FF00B5406C = {
			isa = PBXGroup;
			children = (
				BF082D4621AC99FF00B5406C /* Termina */,
				BF082D4521AC99FF00B5406C /* Products */,
				BF082DAC21AC9EA900B5406C /* Frameworks */,
			);
			sourceTree = "<group>";
		};
		BF082D4521AC99FF00B5406C /* Products */ = {
			isa = PBXGroup;
			children = (
				BF082D4421AC99FF00B5406C /* Termina.app */,
			);
			name = Products;
			sourceTree = "<group>";
		};
		BF082D4621AC99FF00B5406C /* Termina */ = {
			isa = PBXGroup;
			children = (
				BF378146239344CA0045C330 /* HardcoreModeView.swift */,
				BF75430D2393438600F9FE8D /* Views */,
				BFBC47A021C2A708002A6C28 /* Documents */,
				BF4CA6B921B5AFF6007A39F1 /* Preferences */,
				BF082D8421AC9A4500B5406C /* AppDelegate.swift */,
				BF082D8121AC9A4500B5406C /* ViewController.swift */,
				BF082D6421AC9A4500B5406C /* Assets.xcassets */,
				BF082D7121AC9A4500B5406C /* GameClasses */,
				BF082D7C21AC9A4500B5406C /* Libraries */,
				BF082D6B21AC9A4500B5406C /* Scenes */,
				BF082D6521AC9A4500B5406C /* SKClasses */,
				BF082D5D21AC9A4500B5406C /* Storyboards */,
				BF082D8021AC9A4500B5406C /* ViewControllers */,
				BF90A4C721C03D6D00F64D5D /* Audio */,
				BF082D5621AC9A0000B5406C /* Info.plist */,
				BF082D5721AC9A0000B5406C /* Termina.entitlements */,
			);
			path = Termina;
			sourceTree = "<group>";
		};
		BF082D5D21AC9A4500B5406C /* Storyboards */ = {
			isa = PBXGroup;
			children = (
				BF082D5E21AC9A4500B5406C /* Hardcore.storyboard */,
				BF082D5F21AC9A4500B5406C /* Profile.storyboard */,
				BF082D6021AC9A4500B5406C /* NewPlayer.storyboard */,
				BF082D6121AC9A4500B5406C /* Main.storyboard */,
				BF082D6321AC9A4500B5406C /* About.storyboard */,
			);
			path = Storyboards;
			sourceTree = "<group>";
		};
		BF082D6521AC9A4500B5406C /* SKClasses */ = {
			isa = PBXGroup;
			children = (
				BF082D6621AC9A4500B5406C /* MainMenu.swift */,
				BF082D6721AC9A4500B5406C /* Room29Scene.swift */,
				BFF9FBBC21B329AB001DAAC9 /* TutorialRoomScene.swift */,
				BF082D6821AC9A4500B5406C /* HUD.swift */,
				BF082D6921AC9A4500B5406C /* RoomScene.swift */,
				BF082D6A21AC9A4500B5406C /* RoomSceneExtension.swift */,
			);
			path = SKClasses;
			sourceTree = "<group>";
		};
		BF082D6B21AC9A4500B5406C /* Scenes */ = {
			isa = PBXGroup;
			children = (
				BF14084421B0997C00A7E70E /* Rooms */,
				BF14084221B0923000A7E70E /* Template.sks */,
				BF082D6D21AC9A4500B5406C /* MainMenu.sks */,
				BF082D6E21AC9A4500B5406C /* Environment.sks */,
			);
			path = Scenes;
			sourceTree = "<group>";
		};
		BF082D7121AC9A4500B5406C /* GameClasses */ = {
			isa = PBXGroup;
			children = (
				BF082D7221AC9A4500B5406C /* Names.swift */,
				BF082D7321AC9A4500B5406C /* Monster.swift */,
				BF082D7421AC9A4500B5406C /* Weapon.swift */,
				BF082D7521AC9A4500B5406C /* Data.swift */,
				BF082D7621AC9A4500B5406C /* Entity.swift */,
				BF082D7721AC9A4500B5406C /* Item.swift */,
				BF082D7821AC9A4500B5406C /* Bottle.swift */,
				BF082D7921AC9A4500B5406C /* Termina.swift */,
				BF082D7A21AC9A4500B5406C /* Player.swift */,
				BF082D7B21AC9A4500B5406C /* Potion.swift */,
				BFA433C521B2FCA200E6FB45 /* BetaHandler.swift */,
				BF46539C21B5A3E3006BBF04 /* UserDefaults.swift */,
				BF4AC24821C2A75B0050ACE7 /* NPC.swift */,
				BF4AC24A21C2B7F60050ACE7 /* Speech.swift */,
			);
			path = GameClasses;
			sourceTree = "<group>";
		};
		BF082D7C21AC9A4500B5406C /* Libraries */ = {
			isa = PBXGroup;
			children = (
				BF082D7E21AC9A4500B5406C /* Keycodes.swift */,
			);
			path = Libraries;
			sourceTree = "<group>";
		};
		BF082D8021AC9A4500B5406C /* ViewControllers */ = {
			isa = PBXGroup;
			children = (
				BF082D8221AC9A4500B5406C /* NewPlayer.swift */,
				BF082D8321AC9A4500B5406C /* Profile.swift */,
				BF082D8521AC9A4500B5406C /* Hardcore.swift */,
				BF082D8621AC9A4500B5406C /* AboutViewController.swift */,
				BF082D8721AC9A4500B5406C /* AppMenu.swift */,
				BF3F4CE321AF4F7400A43895 /* BetaViewController.swift */,
				BF1787DC21B468DF0056CD88 /* ChangeNameViewController.swift */,
			);
			path = ViewControllers;
			sourceTree = "<group>";
		};
		BF082DAC21AC9EA900B5406C /* Frameworks */ = {
			isa = PBXGroup;
			children = (
				BF378148239344FE0045C330 /* SwiftUI.framework */,
				BF5D7A3021AF4152008CD33F /* AppCenter.framework */,
				BF5D7A3121AF4152008CD33F /* AppCenterAnalytics.framework */,
				BF5D7A2F21AF4152008CD33F /* AppCenterCrashes.framework */,
				BF082DAF21AC9EB000B5406C /* SpriteKit.framework */,
				BF082DAD21AC9EA900B5406C /* UserNotifications.framework */,
				652150F919EC5343C1E5A7A7 /* Pods_Termina.framework */,
			);
			name = Frameworks;
			sourceTree = "<group>";
		};
		BF14084421B0997C00A7E70E /* Rooms */ = {
			isa = PBXGroup;
			children = (
				BFF9FBBA21B320FB001DAAC9 /* Tutorial.sks */,
				BF14088721B09B9600A7E70E /* 0.sks */,
				BF14089521B09B9800A7E70E /* 1.sks */,
				BF14089621B09B9800A7E70E /* 2.sks */,
				BF14088221B09B9600A7E70E /* 3.sks */,
				BF14088E21B09B9700A7E70E /* 4.sks */,
				BF14089821B09B9800A7E70E /* 5.sks */,
				BF14088F21B09B9700A7E70E /* 6.sks */,
				BF14089421B09B9800A7E70E /* 7.sks */,
				BF14087E21B09B9600A7E70E /* 8.sks */,
				BF14088C21B09B9700A7E70E /* 9.sks */,
				BF14087F21B09B9600A7E70E /* 10.sks */,
				BF14088B21B09B9700A7E70E /* 11.sks */,
				BF14088821B09B9600A7E70E /* 12.sks */,
				BF14088321B09B9600A7E70E /* 13.sks */,
				BF14088021B09B9600A7E70E /* 14.sks */,
				BF14088521B09B9600A7E70E /* 15.sks */,
				BF14087D21B09B9500A7E70E /* 16.sks */,
				BF14088A21B09B9600A7E70E /* 17.sks */,
				BF14089721B09B9800A7E70E /* 18.sks */,
				BF14089321B09B9700A7E70E /* 19.sks */,
				BF14089021B09B9700A7E70E /* 20.sks */,
				BF14088121B09B9600A7E70E /* 21.sks */,
				BF14089221B09B9700A7E70E /* 22.sks */,
				BF14088421B09B9600A7E70E /* 23.sks */,
				BF14089121B09B9700A7E70E /* 24.sks */,
				BF14088D21B09B9700A7E70E /* 25.sks */,
				BF14088921B09B9600A7E70E /* 26.sks */,
				BF14088621B09B9600A7E70E /* 27.sks */,
				BF082D6F21AC9A4500B5406C /* 28.sks */,
				BF082D7021AC9A4500B5406C /* 29.sks */,
			);
			path = Rooms;
			sourceTree = "<group>";
		};
		BF4CA6B921B5AFF6007A39F1 /* Preferences */ = {
			isa = PBXGroup;
			children = (
				BF4CA6BA21B5B01E007A39F1 /* Preferences.storyboard */,
				BFBE9C1021B5E6A300AA1C6C /* BetaProgramPane.swift */,
				BF4CA6BC21B5B500007A39F1 /* PreferencesViewController.swift */,
				BF4CA6BE21B5B59D007A39F1 /* PreferencesWindowController.swift */,
				BF4CA6C021B5BD04007A39F1 /* NotificationPane.swift */,
				BF70B6DC21BEF1F1002473B6 /* AppearancePane.swift */,
				BF4AC24E21C2E5700050ACE7 /* GeneralPane.swift */,
			);
			path = Preferences;
			sourceTree = "<group>";
		};
		BF75430D2393438600F9FE8D /* Views */ = {
			isa = PBXGroup;
			children = (
			);
			path = Views;
			sourceTree = "<group>";
		};
		BF90A4C721C03D6D00F64D5D /* Audio */ = {
			isa = PBXGroup;
			children = (
				BF90A4C821C03D8100F64D5D /* GhostMenuMusic.aif */,
			);
			path = Audio;
			sourceTree = "<group>";
		};
		BFBC47A021C2A708002A6C28 /* Documents */ = {
			isa = PBXGroup;
			children = (
				BF4AC25221C2E7010050ACE7 /* Termina macOS Beta Program.rtf */,
				BF082DB121AD8CC100B5406C /* About.rtf */,
				BFBC47A121C2A710002A6C28 /* Termina macOS Beta Program.rtf */,
			);
			path = Documents;
			sourceTree = "<group>";
		};
/* End PBXGroup section */

/* Begin PBXNativeTarget section */
		BF082D4321AC99FF00B5406C /* Termina */ = {
			isa = PBXNativeTarget;
			buildConfigurationList = BF082D5A21AC9A0000B5406C /* Build configuration list for PBXNativeTarget "Termina" */;
			buildPhases = (
				BF082D4021AC99FF00B5406C /* Sources */,
				BF082D4121AC99FF00B5406C /* Frameworks */,
				BF082D4221AC99FF00B5406C /* Resources */,
			);
			buildRules = (
				BF3BCB4D21B0D32500CF9220 /* PBXBuildRule */,
			);
			dependencies = (
			);
			name = Termina;
			packageProductDependencies = (
				BF75430823933D9E00F9FE8D /* Files */,
				BF75430B23933DB400F9FE8D /* SwiftyJSON */,
			);
			productName = Termina;
			productReference = BF082D4421AC99FF00B5406C /* Termina.app */;
			productType = "com.apple.product-type.application";
		};
/* End PBXNativeTarget section */

/* Begin PBXProject section */
		BF082D3C21AC99FF00B5406C /* Project object */ = {
			isa = PBXProject;
			attributes = {
				LastSwiftUpdateCheck = 1010;
				LastUpgradeCheck = 1010;
				ORGANIZATIONNAME = "Marquis Kurt";
				TargetAttributes = {
					BF082D4321AC99FF00B5406C = {
						CreatedOnToolsVersion = 10.1;
						LastSwiftMigration = 1120;
						SystemCapabilities = {
							com.apple.HardenedRuntime = {
								enabled = 1;
							};
							com.apple.Sandbox = {
								enabled = 1;
							};
						};
					};
				};
			};
			buildConfigurationList = BF082D3F21AC99FF00B5406C /* Build configuration list for PBXProject "Termina" */;
			compatibilityVersion = "Xcode 11.0";
			developmentRegion = en;
			hasScannedForEncodings = 0;
			knownRegions = (
				en,
				Base,
			);
			mainGroup = BF082D3B21AC99FF00B5406C;
			packageReferences = (
				BF75430723933D9E00F9FE8D /* XCRemoteSwiftPackageReference "Files" */,
				BF75430A23933DB400F9FE8D /* XCRemoteSwiftPackageReference "SwiftyJSON" */,
			);
			productRefGroup = BF082D4521AC99FF00B5406C /* Products */;
			projectDirPath = "";
			projectRoot = "";
			targets = (
				BF082D4321AC99FF00B5406C /* Termina */,
			);
		};
/* End PBXProject section */

/* Begin PBXResourcesBuildPhase section */
		BF082D4221AC99FF00B5406C /* Resources */ = {
			isa = PBXResourcesBuildPhase;
			buildActionMask = 2147483647;
			files = (
				BF1408AB21B09B9800A7E70E /* 6.sks in Resources */,
				BF1408A421B09B9800A7E70E /* 12.sks in Resources */,
				BF1408A321B09B9800A7E70E /* 0.sks in Resources */,
				BF1408B121B09B9800A7E70E /* 1.sks in Resources */,
				BF1408A921B09B9800A7E70E /* 25.sks in Resources */,
				BF1408A021B09B9800A7E70E /* 23.sks in Resources */,
				BF1408B221B09B9800A7E70E /* 2.sks in Resources */,
				BF082D8921AC9A4500B5406C /* Profile.storyboard in Resources */,
				BF14089B21B09B9800A7E70E /* 10.sks in Resources */,
				BF1408AC21B09B9800A7E70E /* 20.sks in Resources */,
				BF1408B321B09B9800A7E70E /* 18.sks in Resources */,
				BF1408A621B09B9800A7E70E /* 17.sks in Resources */,
				BF082D8C21AC9A4500B5406C /* About.storyboard in Resources */,
				BF082D8A21AC9A4500B5406C /* NewPlayer.storyboard in Resources */,
				BF082D9521AC9A4500B5406C /* Environment.sks in Resources */,
				BF082D9721AC9A4500B5406C /* 29.sks in Resources */,
				BF14089921B09B9800A7E70E /* 16.sks in Resources */,
				BF14089D21B09B9800A7E70E /* 21.sks in Resources */,
				BF082D8821AC9A4500B5406C /* Hardcore.storyboard in Resources */,
				BF082DB221AD8CC100B5406C /* About.rtf in Resources */,
				BF1408B421B09B9800A7E70E /* 5.sks in Resources */,
				BF14089C21B09B9800A7E70E /* 14.sks in Resources */,
				BF082D9621AC9A4500B5406C /* 28.sks in Resources */,
				BF1408AD21B09B9800A7E70E /* 24.sks in Resources */,
				BF1408A221B09B9800A7E70E /* 27.sks in Resources */,
				BF082D9421AC9A4500B5406C /* MainMenu.sks in Resources */,
				BF90A4C921C03D8100F64D5D /* GhostMenuMusic.aif in Resources */,
				BF14089A21B09B9800A7E70E /* 8.sks in Resources */,
				BF1408AE21B09B9800A7E70E /* 22.sks in Resources */,
				BF14084321B0923000A7E70E /* Template.sks in Resources */,
				BF4CA6BB21B5B01E007A39F1 /* Preferences.storyboard in Resources */,
				BF1408AF21B09B9800A7E70E /* 19.sks in Resources */,
				BF1408A721B09B9800A7E70E /* 11.sks in Resources */,
				BF1408AA21B09B9800A7E70E /* 4.sks in Resources */,
				BF1408A521B09B9800A7E70E /* 26.sks in Resources */,
				BF14089F21B09B9800A7E70E /* 13.sks in Resources */,
				BF082D8D21AC9A4500B5406C /* Assets.xcassets in Resources */,
				BFF9FBBB21B320FB001DAAC9 /* Tutorial.sks in Resources */,
				BF1408B021B09B9800A7E70E /* 7.sks in Resources */,
				BF082D8B21AC9A4500B5406C /* Main.storyboard in Resources */,
				BF1408A821B09B9800A7E70E /* 9.sks in Resources */,
				BF1408A121B09B9800A7E70E /* 15.sks in Resources */,
				BF14089E21B09B9800A7E70E /* 3.sks in Resources */,
			);
			runOnlyForDeploymentPostprocessing = 0;
		};
/* End PBXResourcesBuildPhase section */

/* Begin PBXSourcesBuildPhase section */
		BF082D4021AC99FF00B5406C /* Sources */ = {
			isa = PBXSourcesBuildPhase;
			buildActionMask = 2147483647;
			files = (
				BF3F4CE421AF4F7400A43895 /* BetaViewController.swift in Sources */,
				BFA433C621B2FCA200E6FB45 /* BetaHandler.swift in Sources */,
				BF082DA921AC9A4500B5406C /* Hardcore.swift in Sources */,
				BF082DA821AC9A4500B5406C /* AppDelegate.swift in Sources */,
				BF4CA6C121B5BD04007A39F1 /* NotificationPane.swift in Sources */,
				BF378147239344CA0045C330 /* HardcoreModeView.swift in Sources */,
				BF4AC24921C2A75B0050ACE7 /* NPC.swift in Sources */,
				BF082D9821AC9A4500B5406C /* Names.swift in Sources */,
				BFF9FBBD21B329AB001DAAC9 /* TutorialRoomScene.swift in Sources */,
				BF082DAB21AC9A4500B5406C /* AppMenu.swift in Sources */,
				BF082DA621AC9A4500B5406C /* NewPlayer.swift in Sources */,
				BF4AC25021C2E5700050ACE7 /* GeneralPane.swift in Sources */,
				BF082DA521AC9A4500B5406C /* ViewController.swift in Sources */,
				BF4AC24B21C2B7F60050ACE7 /* Speech.swift in Sources */,
				BF082D9A21AC9A4500B5406C /* Weapon.swift in Sources */,
				BF082DAA21AC9A4500B5406C /* AboutViewController.swift in Sources */,
				BF082D9021AC9A4500B5406C /* HUD.swift in Sources */,
				BF4CA6BD21B5B500007A39F1 /* PreferencesViewController.swift in Sources */,
				BF082D9121AC9A4500B5406C /* RoomScene.swift in Sources */,
				BF082DA021AC9A4500B5406C /* Player.swift in Sources */,
				BF1787DD21B468DF0056CD88 /* ChangeNameViewController.swift in Sources */,
				BF082D9221AC9A4500B5406C /* RoomSceneExtension.swift in Sources */,
				BF082D8F21AC9A4500B5406C /* Room29Scene.swift in Sources */,
				BF082D9D21AC9A4500B5406C /* Item.swift in Sources */,
				BF082DA721AC9A4500B5406C /* Profile.swift in Sources */,
				BF082D9F21AC9A4500B5406C /* Termina.swift in Sources */,
				BF082DA121AC9A4500B5406C /* Potion.swift in Sources */,
				BF082D9C21AC9A4500B5406C /* Entity.swift in Sources */,
				BFBE9C1221B5E6A300AA1C6C /* BetaProgramPane.swift in Sources */,
				BF082D8E21AC9A4500B5406C /* MainMenu.swift in Sources */,
				BF082D9E21AC9A4500B5406C /* Bottle.swift in Sources */,
				BF46539D21B5A3E3006BBF04 /* UserDefaults.swift in Sources */,
				BF082D9B21AC9A4500B5406C /* Data.swift in Sources */,
				BF082D9921AC9A4500B5406C /* Monster.swift in Sources */,
				BF4CA6BF21B5B59D007A39F1 /* PreferencesWindowController.swift in Sources */,
				BF70B6DD21BEF1F1002473B6 /* AppearancePane.swift in Sources */,
				BF082DA321AC9A4500B5406C /* Keycodes.swift in Sources */,
			);
			runOnlyForDeploymentPostprocessing = 0;
		};
/* End PBXSourcesBuildPhase section */

/* Begin PBXVariantGroup section */
		BF082D6121AC9A4500B5406C /* Main.storyboard */ = {
			isa = PBXVariantGroup;
			children = (
				BF082D6221AC9A4500B5406C /* Base */,
			);
			name = Main.storyboard;
			sourceTree = "<group>";
		};
/* End PBXVariantGroup section */

/* Begin XCBuildConfiguration section */
		BF082D5821AC9A0000B5406C /* Debug */ = {
			isa = XCBuildConfiguration;
			buildSettings = {
				ALWAYS_SEARCH_USER_PATHS = NO;
				CLANG_ANALYZER_NONNULL = YES;
				CLANG_ANALYZER_NUMBER_OBJECT_CONVERSION = YES_AGGRESSIVE;
				CLANG_CXX_LANGUAGE_STANDARD = "gnu++14";
				CLANG_CXX_LIBRARY = "libc++";
				CLANG_ENABLE_MODULES = YES;
				CLANG_ENABLE_OBJC_ARC = YES;
				CLANG_ENABLE_OBJC_WEAK = YES;
				CLANG_WARN_BLOCK_CAPTURE_AUTORELEASING = YES;
				CLANG_WARN_BOOL_CONVERSION = YES;
				CLANG_WARN_COMMA = YES;
				CLANG_WARN_CONSTANT_CONVERSION = YES;
				CLANG_WARN_DEPRECATED_OBJC_IMPLEMENTATIONS = YES;
				CLANG_WARN_DIRECT_OBJC_ISA_USAGE = YES_ERROR;
				CLANG_WARN_DOCUMENTATION_COMMENTS = YES;
				CLANG_WARN_EMPTY_BODY = YES;
				CLANG_WARN_ENUM_CONVERSION = YES;
				CLANG_WARN_INFINITE_RECURSION = YES;
				CLANG_WARN_INT_CONVERSION = YES;
				CLANG_WARN_NON_LITERAL_NULL_CONVERSION = YES;
				CLANG_WARN_OBJC_IMPLICIT_RETAIN_SELF = YES;
				CLANG_WARN_OBJC_LITERAL_CONVERSION = YES;
				CLANG_WARN_OBJC_ROOT_CLASS = YES_ERROR;
				CLANG_WARN_RANGE_LOOP_ANALYSIS = YES;
				CLANG_WARN_STRICT_PROTOTYPES = YES;
				CLANG_WARN_SUSPICIOUS_MOVE = YES;
				CLANG_WARN_UNGUARDED_AVAILABILITY = YES_AGGRESSIVE;
				CLANG_WARN_UNREACHABLE_CODE = YES;
				CLANG_WARN__DUPLICATE_METHOD_MATCH = YES;
				CODE_SIGN_IDENTITY = "Mac Developer";
				COPY_PHASE_STRIP = NO;
				DEBUG_INFORMATION_FORMAT = dwarf;
				ENABLE_STRICT_OBJC_MSGSEND = YES;
				ENABLE_TESTABILITY = YES;
				GCC_C_LANGUAGE_STANDARD = gnu11;
				GCC_DYNAMIC_NO_PIC = NO;
				GCC_NO_COMMON_BLOCKS = YES;
				GCC_OPTIMIZATION_LEVEL = 0;
				GCC_PREPROCESSOR_DEFINITIONS = (
					"DEBUG=1",
					"$(inherited)",
				);
				GCC_WARN_64_TO_32_BIT_CONVERSION = YES;
				GCC_WARN_ABOUT_RETURN_TYPE = YES_ERROR;
				GCC_WARN_UNDECLARED_SELECTOR = YES;
				GCC_WARN_UNINITIALIZED_AUTOS = YES_AGGRESSIVE;
				GCC_WARN_UNUSED_FUNCTION = YES;
				GCC_WARN_UNUSED_VARIABLE = YES;
				MACOSX_DEPLOYMENT_TARGET = 10.15;
				MTL_ENABLE_DEBUG_INFO = INCLUDE_SOURCE;
				MTL_FAST_MATH = YES;
				ONLY_ACTIVE_ARCH = YES;
				SDKROOT = macosx;
				SWIFT_ACTIVE_COMPILATION_CONDITIONS = DEBUG;
				SWIFT_OPTIMIZATION_LEVEL = "-Onone";
			};
			name = Debug;
		};
		BF082D5921AC9A0000B5406C /* Release */ = {
			isa = XCBuildConfiguration;
			buildSettings = {
				ALWAYS_SEARCH_USER_PATHS = NO;
				CLANG_ANALYZER_NONNULL = YES;
				CLANG_ANALYZER_NUMBER_OBJECT_CONVERSION = YES_AGGRESSIVE;
				CLANG_CXX_LANGUAGE_STANDARD = "gnu++14";
				CLANG_CXX_LIBRARY = "libc++";
				CLANG_ENABLE_MODULES = YES;
				CLANG_ENABLE_OBJC_ARC = YES;
				CLANG_ENABLE_OBJC_WEAK = YES;
				CLANG_WARN_BLOCK_CAPTURE_AUTORELEASING = YES;
				CLANG_WARN_BOOL_CONVERSION = YES;
				CLANG_WARN_COMMA = YES;
				CLANG_WARN_CONSTANT_CONVERSION = YES;
				CLANG_WARN_DEPRECATED_OBJC_IMPLEMENTATIONS = YES;
				CLANG_WARN_DIRECT_OBJC_ISA_USAGE = YES_ERROR;
				CLANG_WARN_DOCUMENTATION_COMMENTS = YES;
				CLANG_WARN_EMPTY_BODY = YES;
				CLANG_WARN_ENUM_CONVERSION = YES;
				CLANG_WARN_INFINITE_RECURSION = YES;
				CLANG_WARN_INT_CONVERSION = YES;
				CLANG_WARN_NON_LITERAL_NULL_CONVERSION = YES;
				CLANG_WARN_OBJC_IMPLICIT_RETAIN_SELF = YES;
				CLANG_WARN_OBJC_LITERAL_CONVERSION = YES;
				CLANG_WARN_OBJC_ROOT_CLASS = YES_ERROR;
				CLANG_WARN_RANGE_LOOP_ANALYSIS = YES;
				CLANG_WARN_STRICT_PROTOTYPES = YES;
				CLANG_WARN_SUSPICIOUS_MOVE = YES;
				CLANG_WARN_UNGUARDED_AVAILABILITY = YES_AGGRESSIVE;
				CLANG_WARN_UNREACHABLE_CODE = YES;
				CLANG_WARN__DUPLICATE_METHOD_MATCH = YES;
				CODE_SIGN_IDENTITY = "Mac Developer";
				COPY_PHASE_STRIP = NO;
				DEBUG_INFORMATION_FORMAT = "dwarf-with-dsym";
				ENABLE_NS_ASSERTIONS = NO;
				ENABLE_STRICT_OBJC_MSGSEND = YES;
				GCC_C_LANGUAGE_STANDARD = gnu11;
				GCC_NO_COMMON_BLOCKS = YES;
				GCC_WARN_64_TO_32_BIT_CONVERSION = YES;
				GCC_WARN_ABOUT_RETURN_TYPE = YES_ERROR;
				GCC_WARN_UNDECLARED_SELECTOR = YES;
				GCC_WARN_UNINITIALIZED_AUTOS = YES_AGGRESSIVE;
				GCC_WARN_UNUSED_FUNCTION = YES;
				GCC_WARN_UNUSED_VARIABLE = YES;
				MACOSX_DEPLOYMENT_TARGET = 10.15;
				MTL_ENABLE_DEBUG_INFO = NO;
				MTL_FAST_MATH = YES;
				SDKROOT = macosx;
				SWIFT_COMPILATION_MODE = wholemodule;
				SWIFT_OPTIMIZATION_LEVEL = "-O";
			};
			name = Release;
		};
		BF082D5B21AC9A0000B5406C /* Debug */ = {
			isa = XCBuildConfiguration;
			buildSettings = {
				ASSETCATALOG_COMPILER_APPICON_NAME = AppIconBeta;
				CODE_SIGN_ENTITLEMENTS = Termina/Termina.entitlements;
				CODE_SIGN_IDENTITY = "Mac Developer";
				CODE_SIGN_STYLE = Automatic;
				COMBINE_HIDPI_IMAGES = YES;
				DEVELOPMENT_TEAM = FQQXSP79X3;
				ENABLE_HARDENED_RUNTIME = YES;
				INFOPLIST_FILE = Termina/Info.plist;
				LD_RUNPATH_SEARCH_PATHS = (
					"$(inherited)",
					"@executable_path/../Frameworks",
				);
				MACOSX_DEPLOYMENT_TARGET = 10.15;
				PRODUCT_BUNDLE_IDENTIFIER = io.github.terminagame.mac;
				PRODUCT_NAME = "$(TARGET_NAME)";
				PROVISIONING_PROFILE_SPECIFIER = "";
				SWIFT_VERSION = 5.0;
			};
			name = Debug;
		};
		BF082D5C21AC9A0000B5406C /* Release */ = {
			isa = XCBuildConfiguration;
			buildSettings = {
				ASSETCATALOG_COMPILER_APPICON_NAME = AppIcon;
				CODE_SIGN_ENTITLEMENTS = Termina/Termina.entitlements;
				CODE_SIGN_IDENTITY = "Mac Developer";
				CODE_SIGN_STYLE = Automatic;
				COMBINE_HIDPI_IMAGES = YES;
				DEVELOPMENT_TEAM = FQQXSP79X3;
				ENABLE_HARDENED_RUNTIME = YES;
				INFOPLIST_FILE = Termina/Info.plist;
				LD_RUNPATH_SEARCH_PATHS = (
					"$(inherited)",
					"@executable_path/../Frameworks",
				);
				MACOSX_DEPLOYMENT_TARGET = 10.15;
				PRODUCT_BUNDLE_IDENTIFIER = io.github.terminagame.mac;
				PRODUCT_NAME = "$(TARGET_NAME)";
				PROVISIONING_PROFILE_SPECIFIER = "";
				SWIFT_VERSION = 5.0;
			};
			name = Release;
		};
/* End XCBuildConfiguration section */

/* Begin XCConfigurationList section */
		BF082D3F21AC99FF00B5406C /* Build configuration list for PBXProject "Termina" */ = {
			isa = XCConfigurationList;
			buildConfigurations = (
				BF082D5821AC9A0000B5406C /* Debug */,
				BF082D5921AC9A0000B5406C /* Release */,
			);
			defaultConfigurationIsVisible = 0;
			defaultConfigurationName = Release;
		};
		BF082D5A21AC9A0000B5406C /* Build configuration list for PBXNativeTarget "Termina" */ = {
			isa = XCConfigurationList;
			buildConfigurations = (
				BF082D5B21AC9A0000B5406C /* Debug */,
				BF082D5C21AC9A0000B5406C /* Release */,
			);
			defaultConfigurationIsVisible = 0;
			defaultConfigurationName = Release;
		};
/* End XCConfigurationList section */

/* Begin XCRemoteSwiftPackageReference section */
		BF75430723933D9E00F9FE8D /* XCRemoteSwiftPackageReference "Files" */ = {
			isa = XCRemoteSwiftPackageReference;
			repositoryURL = "git@github.com:JohnSundell/Files.git";
			requirement = {
				kind = upToNextMajorVersion;
				minimumVersion = 4.0.2;
			};
		};
		BF75430A23933DB400F9FE8D /* XCRemoteSwiftPackageReference "SwiftyJSON" */ = {
			isa = XCRemoteSwiftPackageReference;
			repositoryURL = "git@github.com:SwiftyJSON/SwiftyJSON.git";
			requirement = {
				kind = upToNextMajorVersion;
				minimumVersion = 5.0.0;
			};
		};
/* End XCRemoteSwiftPackageReference section */

/* Begin XCSwiftPackageProductDependency section */
		BF75430823933D9E00F9FE8D /* Files */ = {
			isa = XCSwiftPackageProductDependency;
			package = BF75430723933D9E00F9FE8D /* XCRemoteSwiftPackageReference "Files" */;
			productName = Files;
		};
		BF75430B23933DB400F9FE8D /* SwiftyJSON */ = {
			isa = XCSwiftPackageProductDependency;
			package = BF75430A23933DB400F9FE8D /* XCRemoteSwiftPackageReference "SwiftyJSON" */;
			productName = SwiftyJSON;
		};
/* End XCSwiftPackageProductDependency section */
	};
	rootObject = BF082D3C21AC99FF00B5406C /* Project object */;
}
